// !$*UTF8*$!
{
	archiveVersion = 1;
	classes = {
	};
	objectVersion = 54;
	objects = {

/* Begin PBXBuildFile section */
		1498D2341E8E89220040F4C2 /* GeneratedPluginRegistrant.m in Sources */ = {isa = PBXBuildFile; fileRef = 1498D2331E8E89220040F4C2 /* GeneratedPluginRegistrant.m */; };
		331C808B294A63AB00263BE5 /* RunnerTests.swift in Sources */ = {isa = PBXBuildFile; fileRef = 331C807B294A618700263BE5 /* RunnerTests.swift */; };
		3B3967161E833CAA004F5970 /* AppFrameworkInfo.plist in Resources */ = {isa = PBXBuildFile; fileRef = 3B3967151E833CAA004F5970 /* AppFrameworkInfo.plist */; };
		74858FAF1ED2DC5600515810 /* AppDelegate.swift in Sources */ = {isa = PBXBuildFile; fileRef = 74858FAE1ED2DC5600515810 /* AppDelegate.swift */; };
		76025A5893705240126B5301 /* Pods_Runner.framework in Frameworks */ = {isa = PBXBuildFile; fileRef = 31F026F54490AFD555EE482C /* Pods_Runner.framework */; };
		97C146FC1CF9000F007C117D /* Main.storyboard in Resources */ = {isa = PBXBuildFile; fileRef = 97C146FA1CF9000F007C117D /* Main.storyboard */; };
		97C146FE1CF9000F007C117D /* Assets.xcassets in Resources */ = {isa = PBXBuildFile; fileRef = 97C146FD1CF9000F007C117D /* Assets.xcassets */; };
		97C147011CF9000F007C117D /* LaunchScreen.storyboard in Resources */ = {isa = PBXBuildFile; fileRef = 97C146FF1CF9000F007C117D /* LaunchScreen.storyboard */; };
		9EF7F417392CDD8824D13B0A /* Pods_RunnerTests.framework in Frameworks */ = {isa = PBXBuildFile; fileRef = D8D864258BAC275FC29015D3 /* Pods_RunnerTests.framework */; };
		AB1C2DE000000000000000C8 /* pose1_atlantic@2x.png in Resources */ = {isa = PBXBuildFile; fileRef = AB1C2DE00000000000000000 /* pose1_atlantic@2x.png */; };
		AB1C2DE000000000000000C9 /* pose1_atlantic@3x.png in Resources */ = {isa = PBXBuildFile; fileRef = AB1C2DE00000000000000001 /* pose1_atlantic@3x.png */; };
		AB1C2DE000000000000000CA /* pose1_azur@2x.png in Resources */ = {isa = PBXBuildFile; fileRef = AB1C2DE00000000000000002 /* pose1_azur@2x.png */; };
		AB1C2DE000000000000000CB /* pose1_azur@3x.png in Resources */ = {isa = PBXBuildFile; fileRef = AB1C2DE00000000000000003 /* pose1_azur@3x.png */; };
		AB1C2DE000000000000000CC /* pose1_bolt@2x.png in Resources */ = {isa = PBXBuildFile; fileRef = AB1C2DE00000000000000004 /* pose1_bolt@2x.png */; };
		AB1C2DE000000000000000CD /* pose1_bolt@3x.png in Resources */ = {isa = PBXBuildFile; fileRef = AB1C2DE00000000000000005 /* pose1_bolt@3x.png */; };
		AB1C2DE000000000000000CE /* pose1_frost@2x.png in Resources */ = {isa = PBXBuildFile; fileRef = AB1C2DE00000000000000006 /* pose1_frost@2x.png */; };
		AB1C2DE000000000000000CF /* pose1_frost@3x.png in Resources */ = {isa = PBXBuildFile; fileRef = AB1C2DE00000000000000007 /* pose1_frost@3x.png */; };
		AB1C2DE000000000000000D0 /* pose1_ivory@2x.png in Resources */ = {isa = PBXBuildFile; fileRef = AB1C2DE00000000000000008 /* pose1_ivory@2x.png */; };
		AB1C2DE000000000000000D1 /* pose1_ivory@3x.png in Resources */ = {isa = PBXBuildFile; fileRef = AB1C2DE00000000000000009 /* pose1_ivory@3x.png */; };
		AB1C2DE000000000000000D2 /* pose1_midnight@2x.png in Resources */ = {isa = PBXBuildFile; fileRef = AB1C2DE0000000000000000A /* pose1_midnight@2x.png */; };
		AB1C2DE000000000000000D3 /* pose1_midnight@3x.png in Resources */ = {isa = PBXBuildFile; fileRef = AB1C2DE0000000000000000B /* pose1_midnight@3x.png */; };
		AB1C2DE000000000000000D6 /* pose1_papaya@2x.png in Resources */ = {isa = PBXBuildFile; fileRef = AB1C2DE0000000000000000E /* pose1_papaya@2x.png */; };
		AB1C2DE000000000000000D7 /* pose1_papaya@3x.png in Resources */ = {isa = PBXBuildFile; fileRef = AB1C2DE0000000000000000F /* pose1_papaya@3x.png */; };
		AB1C2DE000000000000000D8 /* pose1_rosso@2x.png in Resources */ = {isa = PBXBuildFile; fileRef = AB1C2DE00000000000000010 /* pose1_rosso@2x.png */; };
		AB1C2DE000000000000000D9 /* pose1_rosso@3x.png in Resources */ = {isa = PBXBuildFile; fileRef = AB1C2DE00000000000000011 /* pose1_rosso@3x.png */; };
		AB1C2DE000000000000000DA /* pose1_silver@2x.png in Resources */ = {isa = PBXBuildFile; fileRef = AB1C2DE00000000000000012 /* pose1_silver@2x.png */; };
		AB1C2DE000000000000000DB /* pose1_silver@3x.png in Resources */ = {isa = PBXBuildFile; fileRef = AB1C2DE00000000000000013 /* pose1_silver@3x.png */; };
		AB1C2DE000000000000000DC /* pose1_titan@2x.png in Resources */ = {isa = PBXBuildFile; fileRef = AB1C2DE00000000000000014 /* pose1_titan@2x.png */; };
		AB1C2DE000000000000000DD /* pose1_titan@3x.png in Resources */ = {isa = PBXBuildFile; fileRef = AB1C2DE00000000000000015 /* pose1_titan@3x.png */; };
		AB1C2DE000000000000000DE /* pose1_undercut@2x.png in Resources */ = {isa = PBXBuildFile; fileRef = AB1C2DE00000000000000016 /* pose1_undercut@2x.png */; };
		AB1C2DE000000000000000DF /* pose1_undercut@3x.png in Resources */ = {isa = PBXBuildFile; fileRef = AB1C2DE00000000000000017 /* pose1_undercut@3x.png */; };
		AB1C2DE000000000000000E0 /* pose1_verde@2x.png in Resources */ = {isa = PBXBuildFile; fileRef = AB1C2DE00000000000000018 /* pose1_verde@2x.png */; };
		AB1C2DE000000000000000E1 /* pose1_verde@3x.png in Resources */ = {isa = PBXBuildFile; fileRef = AB1C2DE00000000000000019 /* pose1_verde@3x.png */; };
		AB1C2DE000000000000000E2 /* pose2_atlantic@2x.png in Resources */ = {isa = PBXBuildFile; fileRef = AB1C2DE0000000000000001A /* pose2_atlantic@2x.png */; };
		AB1C2DE000000000000000E3 /* pose2_atlantic@3x.png in Resources */ = {isa = PBXBuildFile; fileRef = AB1C2DE0000000000000001B /* pose2_atlantic@3x.png */; };
		AB1C2DE000000000000000E4 /* pose2_azur@2x.png in Resources */ = {isa = PBXBuildFile; fileRef = AB1C2DE0000000000000001C /* pose2_azur@2x.png */; };
		AB1C2DE000000000000000E5 /* pose2_azur@3x.png in Resources */ = {isa = PBXBuildFile; fileRef = AB1C2DE0000000000000001D /* pose2_azur@3x.png */; };
		AB1C2DE000000000000000E6 /* pose2_bolt@2x.png in Resources */ = {isa = PBXBuildFile; fileRef = AB1C2DE0000000000000001E /* pose2_bolt@2x.png */; };
		AB1C2DE000000000000000E7 /* pose2_bolt@3x.png in Resources */ = {isa = PBXBuildFile; fileRef = AB1C2DE0000000000000001F /* pose2_bolt@3x.png */; };
		AB1C2DE000000000000000E8 /* pose2_frost@2x.png in Resources */ = {isa = PBXBuildFile; fileRef = AB1C2DE00000000000000020 /* pose2_frost@2x.png */; };
		AB1C2DE000000000000000E9 /* pose2_frost@3x.png in Resources */ = {isa = PBXBuildFile; fileRef = AB1C2DE00000000000000021 /* pose2_frost@3x.png */; };
		AB1C2DE000000000000000EA /* pose2_ivory@2x.png in Resources */ = {isa = PBXBuildFile; fileRef = AB1C2DE00000000000000022 /* pose2_ivory@2x.png */; };
		AB1C2DE000000000000000EB /* pose2_ivory@3x.png in Resources */ = {isa = PBXBuildFile; fileRef = AB1C2DE00000000000000023 /* pose2_ivory@3x.png */; };
		AB1C2DE000000000000000EC /* pose2_midnight@2x.png in Resources */ = {isa = PBXBuildFile; fileRef = AB1C2DE00000000000000024 /* pose2_midnight@2x.png */; };
		AB1C2DE000000000000000ED /* pose2_midnight@3x.png in Resources */ = {isa = PBXBuildFile; fileRef = AB1C2DE00000000000000025 /* pose2_midnight@3x.png */; };
		AB1C2DE000000000000000F0 /* pose2_papaya@2x.png in Resources */ = {isa = PBXBuildFile; fileRef = AB1C2DE00000000000000028 /* pose2_papaya@2x.png */; };
		AB1C2DE000000000000000F1 /* pose2_papaya@3x.png in Resources */ = {isa = PBXBuildFile; fileRef = AB1C2DE00000000000000029 /* pose2_papaya@3x.png */; };
		AB1C2DE000000000000000F2 /* pose2_rosso@2x.png in Resources */ = {isa = PBXBuildFile; fileRef = AB1C2DE0000000000000002A /* pose2_rosso@2x.png */; };
		AB1C2DE000000000000000F3 /* pose2_rosso@3x.png in Resources */ = {isa = PBXBuildFile; fileRef = AB1C2DE0000000000000002B /* pose2_rosso@3x.png */; };
		AB1C2DE000000000000000F4 /* pose2_silver@2x.png in Resources */ = {isa = PBXBuildFile; fileRef = AB1C2DE0000000000000002C /* pose2_silver@2x.png */; };
		AB1C2DE000000000000000F5 /* pose2_silver@3x.png in Resources */ = {isa = PBXBuildFile; fileRef = AB1C2DE0000000000000002D /* pose2_silver@3x.png */; };
		AB1C2DE000000000000000F6 /* pose2_titan@2x.png in Resources */ = {isa = PBXBuildFile; fileRef = AB1C2DE0000000000000002E /* pose2_titan@2x.png */; };
		AB1C2DE000000000000000F7 /* pose2_titan@3x.png in Resources */ = {isa = PBXBuildFile; fileRef = AB1C2DE0000000000000002F /* pose2_titan@3x.png */; };
		AB1C2DE000000000000000F8 /* pose2_undercut@2x.png in Resources */ = {isa = PBXBuildFile; fileRef = AB1C2DE00000000000000030 /* pose2_undercut@2x.png */; };
		AB1C2DE000000000000000F9 /* pose2_undercut@3x.png in Resources */ = {isa = PBXBuildFile; fileRef = AB1C2DE00000000000000031 /* pose2_undercut@3x.png */; };
		AB1C2DE000000000000000FA /* pose2_verde@2x.png in Resources */ = {isa = PBXBuildFile; fileRef = AB1C2DE00000000000000032 /* pose2_verde@2x.png */; };
		AB1C2DE000000000000000FB /* pose2_verde@3x.png in Resources */ = {isa = PBXBuildFile; fileRef = AB1C2DE00000000000000033 /* pose2_verde@3x.png */; };
		AB1C2DE30000000000000000 /* pose3_undercut@2x.png in Resources */ = {isa = PBXBuildFile; fileRef = AB1C2DE20000000000000000 /* pose3_undercut@2x.png */; };
		AB1C2DE30000000000000001 /* pose3_undercut@3x.png in Resources */ = {isa = PBXBuildFile; fileRef = AB1C2DE20000000000000001 /* pose3_undercut@3x.png */; };
		AB1C2DE30000000000000002 /* pose3_rosso@2x.png in Resources */ = {isa = PBXBuildFile; fileRef = AB1C2DE20000000000000002 /* pose3_rosso@2x.png */; };
		AB1C2DE30000000000000003 /* pose3_rosso@3x.png in Resources */ = {isa = PBXBuildFile; fileRef = AB1C2DE20000000000000003 /* pose3_rosso@3x.png */; };
		AB1C2DE30000000000000004 /* pose3_papaya@2x.png in Resources */ = {isa = PBXBuildFile; fileRef = AB1C2DE20000000000000004 /* pose3_papaya@2x.png */; };
		AB1C2DE30000000000000005 /* pose3_papaya@3x.png in Resources */ = {isa = PBXBuildFile; fileRef = AB1C2DE20000000000000005 /* pose3_papaya@3x.png */; };
		AB1C2DE30000000000000006 /* pose3_silver@2x.png in Resources */ = {isa = PBXBuildFile; fileRef = AB1C2DE20000000000000006 /* pose3_silver@2x.png */; };
		AB1C2DE30000000000000007 /* pose3_silver@3x.png in Resources */ = {isa = PBXBuildFile; fileRef = AB1C2DE20000000000000007 /* pose3_silver@3x.png */; };
		AB1C2DE30000000000000008 /* pose3_bolt@2x.png in Resources */ = {isa = PBXBuildFile; fileRef = AB1C2DE20000000000000008 /* pose3_bolt@2x.png */; };
		AB1C2DE30000000000000009 /* pose3_bolt@3x.png in Resources */ = {isa = PBXBuildFile; fileRef = AB1C2DE20000000000000009 /* pose3_bolt@3x.png */; };
		AB1C2DE3000000000000000A /* pose3_verde@2x.png in Resources */ = {isa = PBXBuildFile; fileRef = AB1C2DE2000000000000000A /* pose3_verde@2x.png */; };
		AB1C2DE3000000000000000B /* pose3_verde@3x.png in Resources */ = {isa = PBXBuildFile; fileRef = AB1C2DE2000000000000000B /* pose3_verde@3x.png */; };
		AB1C2DE3000000000000000C /* pose3_azur@2x.png in Resources */ = {isa = PBXBuildFile; fileRef = AB1C2DE2000000000000000C /* pose3_azur@2x.png */; };
		AB1C2DE3000000000000000D /* pose3_azur@3x.png in Resources */ = {isa = PBXBuildFile; fileRef = AB1C2DE2000000000000000D /* pose3_azur@3x.png */; };
		AB1C2DE3000000000000000E /* pose3_atlantic@2x.png in Resources */ = {isa = PBXBuildFile; fileRef = AB1C2DE2000000000000000E /* pose3_atlantic@2x.png */; };
		AB1C2DE3000000000000000F /* pose3_atlantic@3x.png in Resources */ = {isa = PBXBuildFile; fileRef = AB1C2DE2000000000000000F /* pose3_atlantic@3x.png */; };
		AB1C2DE30000000000000010 /* pose3_frost@2x.png in Resources */ = {isa = PBXBuildFile; fileRef = AB1C2DE20000000000000010 /* pose3_frost@2x.png */; };
		AB1C2DE30000000000000011 /* pose3_frost@3x.png in Resources */ = {isa = PBXBuildFile; fileRef = AB1C2DE20000000000000011 /* pose3_frost@3x.png */; };
		AB1C2DE30000000000000012 /* pose3_ivory@2x.png in Resources */ = {isa = PBXBuildFile; fileRef = AB1C2DE20000000000000012 /* pose3_ivory@2x.png */; };
		AB1C2DE30000000000000013 /* pose3_ivory@3x.png in Resources */ = {isa = PBXBuildFile; fileRef = AB1C2DE20000000000000013 /* pose3_ivory@3x.png */; };
		AB1C2DE30000000000000014 /* pose3_titan@2x.png in Resources */ = {isa = PBXBuildFile; fileRef = AB1C2DE20000000000000014 /* pose3_titan@2x.png */; };
		AB1C2DE30000000000000015 /* pose3_titan@3x.png in Resources */ = {isa = PBXBuildFile; fileRef = AB1C2DE20000000000000015 /* pose3_titan@3x.png */; };
		AB1C2DE30000000000000016 /* pose3_midnight@2x.png in Resources */ = {isa = PBXBuildFile; fileRef = AB1C2DE20000000000000016 /* pose3_midnight@2x.png */; };
		AB1C2DE30000000000000017 /* pose3_midnight@3x.png in Resources */ = {isa = PBXBuildFile; fileRef = AB1C2DE20000000000000017 /* pose3_midnight@3x.png */; };
		AB1C2DE30000000000000018 /* pose1_undercut_light@2x.png in Resources */ = {isa = PBXBuildFile; fileRef = AB1C2DE20000000000000018 /* pose1_undercut_light@2x.png */; };
		AB1C2DE30000000000000019 /* pose1_undercut_light@3x.png in Resources */ = {isa = PBXBuildFile; fileRef = AB1C2DE20000000000000019 /* pose1_undercut_light@3x.png */; };
		AB1C2DE3000000000000001A /* pose1_rosso_light@2x.png in Resources */ = {isa = PBXBuildFile; fileRef = AB1C2DE2000000000000001A /* pose1_rosso_light@2x.png */; };
		AB1C2DE3000000000000001B /* pose1_rosso_light@3x.png in Resources */ = {isa = PBXBuildFile; fileRef = AB1C2DE2000000000000001B /* pose1_rosso_light@3x.png */; };
		AB1C2DE3000000000000001C /* pose1_papaya_light@2x.png in Resources */ = {isa = PBXBuildFile; fileRef = AB1C2DE2000000000000001C /* pose1_papaya_light@2x.png */; };
		AB1C2DE3000000000000001D /* pose1_papaya_light@3x.png in Resources */ = {isa = PBXBuildFile; fileRef = AB1C2DE2000000000000001D /* pose1_papaya_light@3x.png */; };
		AB1C2DE3000000000000001E /* pose1_silver_light@2x.png in Resources */ = {isa = PBXBuildFile; fileRef = AB1C2DE2000000000000001E /* pose1_silver_light@2x.png */; };
		AB1C2DE3000000000000001F /* pose1_silver_light@3x.png in Resources */ = {isa = PBXBuildFile; fileRef = AB1C2DE2000000000000001F /* pose1_silver_light@3x.png */; };
		AB1C2DE30000000000000020 /* pose1_bolt_light@2x.png in Resources */ = {isa = PBXBuildFile; fileRef = AB1C2DE20000000000000020 /* pose1_bolt_light@2x.png */; };
		AB1C2DE30000000000000021 /* pose1_bolt_light@3x.png in Resources */ = {isa = PBXBuildFile; fileRef = AB1C2DE20000000000000021 /* pose1_bolt_light@3x.png */; };
		AB1C2DE30000000000000022 /* pose1_verde_light@2x.png in Resources */ = {isa = PBXBuildFile; fileRef = AB1C2DE20000000000000022 /* pose1_verde_light@2x.png */; };
		AB1C2DE30000000000000023 /* pose1_verde_light@3x.png in Resources */ = {isa = PBXBuildFile; fileRef = AB1C2DE20000000000000023 /* pose1_verde_light@3x.png */; };
		AB1C2DE30000000000000024 /* pose1_azur_light@2x.png in Resources */ = {isa = PBXBuildFile; fileRef = AB1C2DE20000000000000024 /* pose1_azur_light@2x.png */; };
		AB1C2DE30000000000000025 /* pose1_azur_light@3x.png in Resources */ = {isa = PBXBuildFile; fileRef = AB1C2DE20000000000000025 /* pose1_azur_light@3x.png */; };
		AB1C2DE30000000000000026 /* pose1_atlantic_light@2x.png in Resources */ = {isa = PBXBuildFile; fileRef = AB1C2DE20000000000000026 /* pose1_atlantic_light@2x.png */; };
		AB1C2DE30000000000000027 /* pose1_atlantic_light@3x.png in Resources */ = {isa = PBXBuildFile; fileRef = AB1C2DE20000000000000027 /* pose1_atlantic_light@3x.png */; };
		AB1C2DE30000000000000028 /* pose1_frost_light@2x.png in Resources */ = {isa = PBXBuildFile; fileRef = AB1C2DE20000000000000028 /* pose1_frost_light@2x.png */; };
		AB1C2DE30000000000000029 /* pose1_frost_light@3x.png in Resources */ = {isa = PBXBuildFile; fileRef = AB1C2DE20000000000000029 /* pose1_frost_light@3x.png */; };
		AB1C2DE3000000000000002A /* pose1_ivory_light@2x.png in Resources */ = {isa = PBXBuildFile; fileRef = AB1C2DE2000000000000002A /* pose1_ivory_light@2x.png */; };
		AB1C2DE3000000000000002B /* pose1_ivory_light@3x.png in Resources */ = {isa = PBXBuildFile; fileRef = AB1C2DE2000000000000002B /* pose1_ivory_light@3x.png */; };
		AB1C2DE3000000000000002C /* pose1_titan_light@2x.png in Resources */ = {isa = PBXBuildFile; fileRef = AB1C2DE2000000000000002C /* pose1_titan_light@2x.png */; };
		AB1C2DE3000000000000002D /* pose1_titan_light@3x.png in Resources */ = {isa = PBXBuildFile; fileRef = AB1C2DE2000000000000002D /* pose1_titan_light@3x.png */; };
		AB1C2DE3000000000000002E /* pose1_midnight_light@2x.png in Resources */ = {isa = PBXBuildFile; fileRef = AB1C2DE2000000000000002E /* pose1_midnight_light@2x.png */; };
		AB1C2DE3000000000000002F /* pose1_midnight_light@3x.png in Resources */ = {isa = PBXBuildFile; fileRef = AB1C2DE2000000000000002F /* pose1_midnight_light@3x.png */; };
		AB1C2DE30000000000000030 /* pose2_undercut_light@2x.png in Resources */ = {isa = PBXBuildFile; fileRef = AB1C2DE20000000000000030 /* pose2_undercut_light@2x.png */; };
		AB1C2DE30000000000000031 /* pose2_undercut_light@3x.png in Resources */ = {isa = PBXBuildFile; fileRef = AB1C2DE20000000000000031 /* pose2_undercut_light@3x.png */; };
		AB1C2DE30000000000000032 /* pose2_rosso_light@2x.png in Resources */ = {isa = PBXBuildFile; fileRef = AB1C2DE20000000000000032 /* pose2_rosso_light@2x.png */; };
		AB1C2DE30000000000000033 /* pose2_rosso_light@3x.png in Resources */ = {isa = PBXBuildFile; fileRef = AB1C2DE20000000000000033 /* pose2_rosso_light@3x.png */; };
		AB1C2DE30000000000000034 /* pose2_papaya_light@2x.png in Resources */ = {isa = PBXBuildFile; fileRef = AB1C2DE20000000000000034 /* pose2_papaya_light@2x.png */; };
		AB1C2DE30000000000000035 /* pose2_papaya_light@3x.png in Resources */ = {isa = PBXBuildFile; fileRef = AB1C2DE20000000000000035 /* pose2_papaya_light@3x.png */; };
		AB1C2DE30000000000000036 /* pose2_silver_light@2x.png in Resources */ = {isa = PBXBuildFile; fileRef = AB1C2DE20000000000000036 /* pose2_silver_light@2x.png */; };
		AB1C2DE30000000000000037 /* pose2_silver_light@3x.png in Resources */ = {isa = PBXBuildFile; fileRef = AB1C2DE20000000000000037 /* pose2_silver_light@3x.png */; };
		AB1C2DE30000000000000038 /* pose2_bolt_light@2x.png in Resources */ = {isa = PBXBuildFile; fileRef = AB1C2DE20000000000000038 /* pose2_bolt_light@2x.png */; };
		AB1C2DE30000000000000039 /* pose2_bolt_light@3x.png in Resources */ = {isa = PBXBuildFile; fileRef = AB1C2DE20000000000000039 /* pose2_bolt_light@3x.png */; };
		AB1C2DE3000000000000003A /* pose2_verde_light@2x.png in Resources */ = {isa = PBXBuildFile; fileRef = AB1C2DE2000000000000003A /* pose2_verde_light@2x.png */; };
		AB1C2DE3000000000000003B /* pose2_verde_light@3x.png in Resources */ = {isa = PBXBuildFile; fileRef = AB1C2DE2000000000000003B /* pose2_verde_light@3x.png */; };
		AB1C2DE3000000000000003C /* pose2_azur_light@2x.png in Resources */ = {isa = PBXBuildFile; fileRef = AB1C2DE2000000000000003C /* pose2_azur_light@2x.png */; };
		AB1C2DE3000000000000003D /* pose2_azur_light@3x.png in Resources */ = {isa = PBXBuildFile; fileRef = AB1C2DE2000000000000003D /* pose2_azur_light@3x.png */; };
		AB1C2DE3000000000000003E /* pose2_atlantic_light@2x.png in Resources */ = {isa = PBXBuildFile; fileRef = AB1C2DE2000000000000003E /* pose2_atlantic_light@2x.png */; };
		AB1C2DE3000000000000003F /* pose2_atlantic_light@3x.png in Resources */ = {isa = PBXBuildFile; fileRef = AB1C2DE2000000000000003F /* pose2_atlantic_light@3x.png */; };
		AB1C2DE30000000000000040 /* pose2_frost_light@2x.png in Resources */ = {isa = PBXBuildFile; fileRef = AB1C2DE20000000000000040 /* pose2_frost_light@2x.png */; };
		AB1C2DE30000000000000041 /* pose2_frost_light@3x.png in Resources */ = {isa = PBXBuildFile; fileRef = AB1C2DE20000000000000041 /* pose2_frost_light@3x.png */; };
		AB1C2DE30000000000000042 /* pose2_ivory_light@2x.png in Resources */ = {isa = PBXBuildFile; fileRef = AB1C2DE20000000000000042 /* pose2_ivory_light@2x.png */; };
		AB1C2DE30000000000000043 /* pose2_ivory_light@3x.png in Resources */ = {isa = PBXBuildFile; fileRef = AB1C2DE20000000000000043 /* pose2_ivory_light@3x.png */; };
		AB1C2DE30000000000000044 /* pose2_titan_light@2x.png in Resources */ = {isa = PBXBuildFile; fileRef = AB1C2DE20000000000000044 /* pose2_titan_light@2x.png */; };
		AB1C2DE30000000000000045 /* pose2_titan_light@3x.png in Resources */ = {isa = PBXBuildFile; fileRef = AB1C2DE20000000000000045 /* pose2_titan_light@3x.png */; };
		AB1C2DE30000000000000046 /* pose2_midnight_light@2x.png in Resources */ = {isa = PBXBuildFile; fileRef = AB1C2DE20000000000000046 /* pose2_midnight_light@2x.png */; };
		AB1C2DE30000000000000047 /* pose2_midnight_light@3x.png in Resources */ = {isa = PBXBuildFile; fileRef = AB1C2DE20000000000000047 /* pose2_midnight_light@3x.png */; };
		AB1C2DE30000000000000048 /* pose3_undercut_light@2x.png in Resources */ = {isa = PBXBuildFile; fileRef = AB1C2DE20000000000000048 /* pose3_undercut_light@2x.png */; };
		AB1C2DE30000000000000049 /* pose3_undercut_light@3x.png in Resources */ = {isa = PBXBuildFile; fileRef = AB1C2DE20000000000000049 /* pose3_undercut_light@3x.png */; };
		AB1C2DE3000000000000004A /* pose3_rosso_light@2x.png in Resources */ = {isa = PBXBuildFile; fileRef = AB1C2DE2000000000000004A /* pose3_rosso_light@2x.png */; };
		AB1C2DE3000000000000004B /* pose3_rosso_light@3x.png in Resources */ = {isa = PBXBuildFile; fileRef = AB1C2DE2000000000000004B /* pose3_rosso_light@3x.png */; };
		AB1C2DE3000000000000004C /* pose3_papaya_light@2x.png in Resources */ = {isa = PBXBuildFile; fileRef = AB1C2DE2000000000000004C /* pose3_papaya_light@2x.png */; };
		AB1C2DE3000000000000004D /* pose3_papaya_light@3x.png in Resources */ = {isa = PBXBuildFile; fileRef = AB1C2DE2000000000000004D /* pose3_papaya_light@3x.png */; };
		AB1C2DE3000000000000004E /* pose3_silver_light@2x.png in Resources */ = {isa = PBXBuildFile; fileRef = AB1C2DE2000000000000004E /* pose3_silver_light@2x.png */; };
		AB1C2DE3000000000000004F /* pose3_silver_light@3x.png in Resources */ = {isa = PBXBuildFile; fileRef = AB1C2DE2000000000000004F /* pose3_silver_light@3x.png */; };
		AB1C2DE30000000000000050 /* pose3_bolt_light@2x.png in Resources */ = {isa = PBXBuildFile; fileRef = AB1C2DE20000000000000050 /* pose3_bolt_light@2x.png */; };
		AB1C2DE30000000000000051 /* pose3_bolt_light@3x.png in Resources */ = {isa = PBXBuildFile; fileRef = AB1C2DE20000000000000051 /* pose3_bolt_light@3x.png */; };
		AB1C2DE30000000000000052 /* pose3_verde_light@2x.png in Resources */ = {isa = PBXBuildFile; fileRef = AB1C2DE20000000000000052 /* pose3_verde_light@2x.png */; };
		AB1C2DE30000000000000053 /* pose3_verde_light@3x.png in Resources */ = {isa = PBXBuildFile; fileRef = AB1C2DE20000000000000053 /* pose3_verde_light@3x.png */; };
		AB1C2DE30000000000000054 /* pose3_azur_light@2x.png in Resources */ = {isa = PBXBuildFile; fileRef = AB1C2DE20000000000000054 /* pose3_azur_light@2x.png */; };
		AB1C2DE30000000000000055 /* pose3_azur_light@3x.png in Resources */ = {isa = PBXBuildFile; fileRef = AB1C2DE20000000000000055 /* pose3_azur_light@3x.png */; };
		AB1C2DE30000000000000056 /* pose3_atlantic_light@2x.png in Resources */ = {isa = PBXBuildFile; fileRef = AB1C2DE20000000000000056 /* pose3_atlantic_light@2x.png */; };
		AB1C2DE30000000000000057 /* pose3_atlantic_light@3x.png in Resources */ = {isa = PBXBuildFile; fileRef = AB1C2DE20000000000000057 /* pose3_atlantic_light@3x.png */; };
		AB1C2DE30000000000000058 /* pose3_frost_light@2x.png in Resources */ = {isa = PBXBuildFile; fileRef = AB1C2DE20000000000000058 /* pose3_frost_light@2x.png */; };
		AB1C2DE30000000000000059 /* pose3_frost_light@3x.png in Resources */ = {isa = PBXBuildFile; fileRef = AB1C2DE20000000000000059 /* pose3_frost_light@3x.png */; };
		AB1C2DE3000000000000005A /* pose3_ivory_light@2x.png in Resources */ = {isa = PBXBuildFile; fileRef = AB1C2DE2000000000000005A /* pose3_ivory_light@2x.png */; };
		AB1C2DE3000000000000005B /* pose3_ivory_light@3x.png in Resources */ = {isa = PBXBuildFile; fileRef = AB1C2DE2000000000000005B /* pose3_ivory_light@3x.png */; };
		AB1C2DE3000000000000005C /* pose3_titan_light@2x.png in Resources */ = {isa = PBXBuildFile; fileRef = AB1C2DE2000000000000005C /* pose3_titan_light@2x.png */; };
		AB1C2DE3000000000000005D /* pose3_titan_light@3x.png in Resources */ = {isa = PBXBuildFile; fileRef = AB1C2DE2000000000000005D /* pose3_titan_light@3x.png */; };
		AB1C2DE3000000000000005E /* pose3_midnight_light@2x.png in Resources */ = {isa = PBXBuildFile; fileRef = AB1C2DE2000000000000005E /* pose3_midnight_light@2x.png */; };
		AB1C2DE3000000000000005F /* pose3_midnight_light@3x.png in Resources */ = {isa = PBXBuildFile; fileRef = AB1C2DE2000000000000005F /* pose3_midnight_light@3x.png */; };
/* End PBXBuildFile section */

/* Begin PBXContainerItemProxy section */
		331C8085294A63A400263BE5 /* PBXContainerItemProxy */ = {
			isa = PBXContainerItemProxy;
			containerPortal = 97C146E61CF9000F007C117D /* Project object */;
			proxyType = 1;
			remoteGlobalIDString = 97C146ED1CF9000F007C117D;
			remoteInfo = Runner;
		};
/* End PBXContainerItemProxy section */

/* Begin PBXCopyFilesBuildPhase section */
		9705A1C41CF9048500538489 /* Embed Frameworks */ = {
			isa = PBXCopyFilesBuildPhase;
			buildActionMask = 2147483647;
			dstPath = "";
			dstSubfolderSpec = 10;
			files = (
			);
			name = "Embed Frameworks";
			runOnlyForDeploymentPostprocessing = 0;
		};
/* End PBXCopyFilesBuildPhase section */

/* Begin PBXFileReference section */
		1498D2321E8E86230040F4C2 /* GeneratedPluginRegistrant.h */ = {isa = PBXFileReference; lastKnownFileType = sourcecode.c.h; path = GeneratedPluginRegistrant.h; sourceTree = "<group>"; };
		1498D2331E8E89220040F4C2 /* GeneratedPluginRegistrant.m */ = {isa = PBXFileReference; fileEncoding = 4; lastKnownFileType = sourcecode.c.objc; path = GeneratedPluginRegistrant.m; sourceTree = "<group>"; };
		31F026F54490AFD555EE482C /* Pods_Runner.framework */ = {isa = PBXFileReference; explicitFileType = wrapper.framework; includeInIndex = 0; path = Pods_Runner.framework; sourceTree = BUILT_PRODUCTS_DIR; };
		331C807B294A618700263BE5 /* RunnerTests.swift */ = {isa = PBXFileReference; lastKnownFileType = sourcecode.swift; path = RunnerTests.swift; sourceTree = "<group>"; };
		331C8081294A63A400263BE5 /* RunnerTests.xctest */ = {isa = PBXFileReference; explicitFileType = wrapper.cfbundle; includeInIndex = 0; path = RunnerTests.xctest; sourceTree = BUILT_PRODUCTS_DIR; };
		3B3967151E833CAA004F5970 /* AppFrameworkInfo.plist */ = {isa = PBXFileReference; fileEncoding = 4; lastKnownFileType = text.plist.xml; name = AppFrameworkInfo.plist; path = Flutter/AppFrameworkInfo.plist; sourceTree = "<group>"; };
		45E5C0D6B5F0B04A1201066E /* Pods-RunnerTests.release.xcconfig */ = {isa = PBXFileReference; includeInIndex = 1; lastKnownFileType = text.xcconfig; name = "Pods-RunnerTests.release.xcconfig"; path = "Target Support Files/Pods-RunnerTests/Pods-RunnerTests.release.xcconfig"; sourceTree = "<group>"; };
		74858FAD1ED2DC5600515810 /* Runner-Bridging-Header.h */ = {isa = PBXFileReference; lastKnownFileType = sourcecode.c.h; path = "Runner-Bridging-Header.h"; sourceTree = "<group>"; };
		74858FAE1ED2DC5600515810 /* AppDelegate.swift */ = {isa = PBXFileReference; fileEncoding = 4; lastKnownFileType = sourcecode.swift; path = AppDelegate.swift; sourceTree = "<group>"; };
		7AFA3C8E1D35360C0083082E /* Release.xcconfig */ = {isa = PBXFileReference; lastKnownFileType = text.xcconfig; name = Release.xcconfig; path = Flutter/Release.xcconfig; sourceTree = "<group>"; };
		9740EEB21CF90195004384FC /* Debug.xcconfig */ = {isa = PBXFileReference; fileEncoding = 4; lastKnownFileType = text.xcconfig; name = Debug.xcconfig; path = Flutter/Debug.xcconfig; sourceTree = "<group>"; };
		9740EEB31CF90195004384FC /* Generated.xcconfig */ = {isa = PBXFileReference; fileEncoding = 4; lastKnownFileType = text.xcconfig; name = Generated.xcconfig; path = Flutter/Generated.xcconfig; sourceTree = "<group>"; };
		97C146EE1CF9000F007C117D /* Runner.app */ = {isa = PBXFileReference; explicitFileType = wrapper.application; includeInIndex = 0; path = Runner.app; sourceTree = BUILT_PRODUCTS_DIR; };
		97C146FB1CF9000F007C117D /* Base */ = {isa = PBXFileReference; lastKnownFileType = file.storyboard; name = Base; path = Base.lproj/Main.storyboard; sourceTree = "<group>"; };
		97C146FD1CF9000F007C117D /* Assets.xcassets */ = {isa = PBXFileReference; lastKnownFileType = folder.assetcatalog; path = Assets.xcassets; sourceTree = "<group>"; };
		97C147001CF9000F007C117D /* Base */ = {isa = PBXFileReference; lastKnownFileType = file.storyboard; name = Base; path = Base.lproj/LaunchScreen.storyboard; sourceTree = "<group>"; };
		97C147021CF9000F007C117D /* Info.plist */ = {isa = PBXFileReference; lastKnownFileType = text.plist.xml; path = Info.plist; sourceTree = "<group>"; };
		97D82F2D291C63AC4A0C28F3 /* Pods-RunnerTests.debug.xcconfig */ = {isa = PBXFileReference; includeInIndex = 1; lastKnownFileType = text.xcconfig; name = "Pods-RunnerTests.debug.xcconfig"; path = "Target Support Files/Pods-RunnerTests/Pods-RunnerTests.debug.xcconfig"; sourceTree = "<group>"; };
		A31103838AAFC3704A3A40AA /* Pods-Runner.profile.xcconfig */ = {isa = PBXFileReference; includeInIndex = 1; lastKnownFileType = text.xcconfig; name = "Pods-Runner.profile.xcconfig"; path = "Target Support Files/Pods-Runner/Pods-Runner.profile.xcconfig"; sourceTree = "<group>"; };
		B24AD5A7D08CC01AAC03F85F /* Pods-Runner.debug.xcconfig */ = {isa = PBXFileReference; includeInIndex = 1; lastKnownFileType = text.xcconfig; name = "Pods-Runner.debug.xcconfig"; path = "Target Support Files/Pods-Runner/Pods-Runner.debug.xcconfig"; sourceTree = "<group>"; };
		D07BCE2A435165440B7FA2BB /* Pods-Runner.release.xcconfig */ = {isa = PBXFileReference; includeInIndex = 1; lastKnownFileType = text.xcconfig; name = "Pods-Runner.release.xcconfig"; path = "Target Support Files/Pods-Runner/Pods-Runner.release.xcconfig"; sourceTree = "<group>"; };
		D8D864258BAC275FC29015D3 /* Pods_RunnerTests.framework */ = {isa = PBXFileReference; explicitFileType = wrapper.framework; includeInIndex = 0; path = Pods_RunnerTests.framework; sourceTree = BUILT_PRODUCTS_DIR; };
		F4310095674E1B5A5F7A1706 /* Pods-RunnerTests.profile.xcconfig */ = {isa = PBXFileReference; includeInIndex = 1; lastKnownFileType = text.xcconfig; name = "Pods-RunnerTests.profile.xcconfig"; path = "Target Support Files/Pods-RunnerTests/Pods-RunnerTests.profile.xcconfig"; sourceTree = "<group>"; };
		AB1C2DE00000000000000000 /* pose1_atlantic@2x.png */ = {isa = PBXFileReference; lastKnownFileType = image.png; path = "pose1_atlantic@2x.png"; sourceTree = "<group>"; };
		AB1C2DE00000000000000001 /* pose1_atlantic@3x.png */ = {isa = PBXFileReference; lastKnownFileType = image.png; path = "pose1_atlantic@3x.png"; sourceTree = "<group>"; };
		AB1C2DE00000000000000002 /* pose1_azur@2x.png */ = {isa = PBXFileReference; lastKnownFileType = image.png; path = "pose1_azur@2x.png"; sourceTree = "<group>"; };
		AB1C2DE00000000000000003 /* pose1_azur@3x.png */ = {isa = PBXFileReference; lastKnownFileType = image.png; path = "pose1_azur@3x.png"; sourceTree = "<group>"; };
		AB1C2DE00000000000000004 /* pose1_bolt@2x.png */ = {isa = PBXFileReference; lastKnownFileType = image.png; path = "pose1_bolt@2x.png"; sourceTree = "<group>"; };
		AB1C2DE00000000000000005 /* pose1_bolt@3x.png */ = {isa = PBXFileReference; lastKnownFileType = image.png; path = "pose1_bolt@3x.png"; sourceTree = "<group>"; };
		AB1C2DE00000000000000006 /* pose1_frost@2x.png */ = {isa = PBXFileReference; lastKnownFileType = image.png; path = "pose1_frost@2x.png"; sourceTree = "<group>"; };
		AB1C2DE00000000000000007 /* pose1_frost@3x.png */ = {isa = PBXFileReference; lastKnownFileType = image.png; path = "pose1_frost@3x.png"; sourceTree = "<group>"; };
		AB1C2DE00000000000000008 /* pose1_ivory@2x.png */ = {isa = PBXFileReference; lastKnownFileType = image.png; path = "pose1_ivory@2x.png"; sourceTree = "<group>"; };
		AB1C2DE00000000000000009 /* pose1_ivory@3x.png */ = {isa = PBXFileReference; lastKnownFileType = image.png; path = "pose1_ivory@3x.png"; sourceTree = "<group>"; };
		AB1C2DE0000000000000000A /* pose1_midnight@2x.png */ = {isa = PBXFileReference; lastKnownFileType = image.png; path = "pose1_midnight@2x.png"; sourceTree = "<group>"; };
		AB1C2DE0000000000000000B /* pose1_midnight@3x.png */ = {isa = PBXFileReference; lastKnownFileType = image.png; path = "pose1_midnight@3x.png"; sourceTree = "<group>"; };
		AB1C2DE0000000000000000E /* pose1_papaya@2x.png */ = {isa = PBXFileReference; lastKnownFileType = image.png; path = "pose1_papaya@2x.png"; sourceTree = "<group>"; };
		AB1C2DE0000000000000000F /* pose1_papaya@3x.png */ = {isa = PBXFileReference; lastKnownFileType = image.png; path = "pose1_papaya@3x.png"; sourceTree = "<group>"; };
		AB1C2DE00000000000000010 /* pose1_rosso@2x.png */ = {isa = PBXFileReference; lastKnownFileType = image.png; path = "pose1_rosso@2x.png"; sourceTree = "<group>"; };
		AB1C2DE00000000000000011 /* pose1_rosso@3x.png */ = {isa = PBXFileReference; lastKnownFileType = image.png; path = "pose1_rosso@3x.png"; sourceTree = "<group>"; };
		AB1C2DE00000000000000012 /* pose1_silver@2x.png */ = {isa = PBXFileReference; lastKnownFileType = image.png; path = "pose1_silver@2x.png"; sourceTree = "<group>"; };
		AB1C2DE00000000000000013 /* pose1_silver@3x.png */ = {isa = PBXFileReference; lastKnownFileType = image.png; path = "pose1_silver@3x.png"; sourceTree = "<group>"; };
		AB1C2DE00000000000000014 /* pose1_titan@2x.png */ = {isa = PBXFileReference; lastKnownFileType = image.png; path = "pose1_titan@2x.png"; sourceTree = "<group>"; };
		AB1C2DE00000000000000015 /* pose1_titan@3x.png */ = {isa = PBXFileReference; lastKnownFileType = image.png; path = "pose1_titan@3x.png"; sourceTree = "<group>"; };
		AB1C2DE00000000000000016 /* pose1_undercut@2x.png */ = {isa = PBXFileReference; lastKnownFileType = image.png; path = "pose1_undercut@2x.png"; sourceTree = "<group>"; };
		AB1C2DE00000000000000017 /* pose1_undercut@3x.png */ = {isa = PBXFileReference; lastKnownFileType = image.png; path = "pose1_undercut@3x.png"; sourceTree = "<group>"; };
		AB1C2DE00000000000000018 /* pose1_verde@2x.png */ = {isa = PBXFileReference; lastKnownFileType = image.png; path = "pose1_verde@2x.png"; sourceTree = "<group>"; };
		AB1C2DE00000000000000019 /* pose1_verde@3x.png */ = {isa = PBXFileReference; lastKnownFileType = image.png; path = "pose1_verde@3x.png"; sourceTree = "<group>"; };
		AB1C2DE0000000000000001A /* pose2_atlantic@2x.png */ = {isa = PBXFileReference; lastKnownFileType = image.png; path = "pose2_atlantic@2x.png"; sourceTree = "<group>"; };
		AB1C2DE0000000000000001B /* pose2_atlantic@3x.png */ = {isa = PBXFileReference; lastKnownFileType = image.png; path = "pose2_atlantic@3x.png"; sourceTree = "<group>"; };
		AB1C2DE0000000000000001C /* pose2_azur@2x.png */ = {isa = PBXFileReference; lastKnownFileType = image.png; path = "pose2_azur@2x.png"; sourceTree = "<group>"; };
		AB1C2DE0000000000000001D /* pose2_azur@3x.png */ = {isa = PBXFileReference; lastKnownFileType = image.png; path = "pose2_azur@3x.png"; sourceTree = "<group>"; };
		AB1C2DE0000000000000001E /* pose2_bolt@2x.png */ = {isa = PBXFileReference; lastKnownFileType = image.png; path = "pose2_bolt@2x.png"; sourceTree = "<group>"; };
		AB1C2DE0000000000000001F /* pose2_bolt@3x.png */ = {isa = PBXFileReference; lastKnownFileType = image.png; path = "pose2_bolt@3x.png"; sourceTree = "<group>"; };
		AB1C2DE00000000000000020 /* pose2_frost@2x.png */ = {isa = PBXFileReference; lastKnownFileType = image.png; path = "pose2_frost@2x.png"; sourceTree = "<group>"; };
		AB1C2DE00000000000000021 /* pose2_frost@3x.png */ = {isa = PBXFileReference; lastKnownFileType = image.png; path = "pose2_frost@3x.png"; sourceTree = "<group>"; };
		AB1C2DE00000000000000022 /* pose2_ivory@2x.png */ = {isa = PBXFileReference; lastKnownFileType = image.png; path = "pose2_ivory@2x.png"; sourceTree = "<group>"; };
		AB1C2DE00000000000000023 /* pose2_ivory@3x.png */ = {isa = PBXFileReference; lastKnownFileType = image.png; path = "pose2_ivory@3x.png"; sourceTree = "<group>"; };
		AB1C2DE00000000000000024 /* pose2_midnight@2x.png */ = {isa = PBXFileReference; lastKnownFileType = image.png; path = "pose2_midnight@2x.png"; sourceTree = "<group>"; };
		AB1C2DE00000000000000025 /* pose2_midnight@3x.png */ = {isa = PBXFileReference; lastKnownFileType = image.png; path = "pose2_midnight@3x.png"; sourceTree = "<group>"; };
		AB1C2DE00000000000000028 /* pose2_papaya@2x.png */ = {isa = PBXFileReference; lastKnownFileType = image.png; path = "pose2_papaya@2x.png"; sourceTree = "<group>"; };
		AB1C2DE00000000000000029 /* pose2_papaya@3x.png */ = {isa = PBXFileReference; lastKnownFileType = image.png; path = "pose2_papaya@3x.png"; sourceTree = "<group>"; };
		AB1C2DE0000000000000002A /* pose2_rosso@2x.png */ = {isa = PBXFileReference; lastKnownFileType = image.png; path = "pose2_rosso@2x.png"; sourceTree = "<group>"; };
		AB1C2DE0000000000000002B /* pose2_rosso@3x.png */ = {isa = PBXFileReference; lastKnownFileType = image.png; path = "pose2_rosso@3x.png"; sourceTree = "<group>"; };
		AB1C2DE0000000000000002C /* pose2_silver@2x.png */ = {isa = PBXFileReference; lastKnownFileType = image.png; path = "pose2_silver@2x.png"; sourceTree = "<group>"; };
		AB1C2DE0000000000000002D /* pose2_silver@3x.png */ = {isa = PBXFileReference; lastKnownFileType = image.png; path = "pose2_silver@3x.png"; sourceTree = "<group>"; };
		AB1C2DE0000000000000002E /* pose2_titan@2x.png */ = {isa = PBXFileReference; lastKnownFileType = image.png; path = "pose2_titan@2x.png"; sourceTree = "<group>"; };
		AB1C2DE0000000000000002F /* pose2_titan@3x.png */ = {isa = PBXFileReference; lastKnownFileType = image.png; path = "pose2_titan@3x.png"; sourceTree = "<group>"; };
		AB1C2DE00000000000000030 /* pose2_undercut@2x.png */ = {isa = PBXFileReference; lastKnownFileType = image.png; path = "pose2_undercut@2x.png"; sourceTree = "<group>"; };
		AB1C2DE00000000000000031 /* pose2_undercut@3x.png */ = {isa = PBXFileReference; lastKnownFileType = image.png; path = "pose2_undercut@3x.png"; sourceTree = "<group>"; };
		AB1C2DE00000000000000032 /* pose2_verde@2x.png */ = {isa = PBXFileReference; lastKnownFileType = image.png; path = "pose2_verde@2x.png"; sourceTree = "<group>"; };
		AB1C2DE00000000000000033 /* pose2_verde@3x.png */ = {isa = PBXFileReference; lastKnownFileType = image.png; path = "pose2_verde@3x.png"; sourceTree = "<group>"; };
		AB1C2DE20000000000000000 /* pose3_undercut@2x.png */ = {isa = PBXFileReference; lastKnownFileType = image.png; path = "pose3_undercut@2x.png"; sourceTree = "<group>"; };
		AB1C2DE20000000000000001 /* pose3_undercut@3x.png */ = {isa = PBXFileReference; lastKnownFileType = image.png; path = "pose3_undercut@3x.png"; sourceTree = "<group>"; };
		AB1C2DE20000000000000002 /* pose3_rosso@2x.png */ = {isa = PBXFileReference; lastKnownFileType = image.png; path = "pose3_rosso@2x.png"; sourceTree = "<group>"; };
		AB1C2DE20000000000000003 /* pose3_rosso@3x.png */ = {isa = PBXFileReference; lastKnownFileType = image.png; path = "pose3_rosso@3x.png"; sourceTree = "<group>"; };
		AB1C2DE20000000000000004 /* pose3_papaya@2x.png */ = {isa = PBXFileReference; lastKnownFileType = image.png; path = "pose3_papaya@2x.png"; sourceTree = "<group>"; };
		AB1C2DE20000000000000005 /* pose3_papaya@3x.png */ = {isa = PBXFileReference; lastKnownFileType = image.png; path = "pose3_papaya@3x.png"; sourceTree = "<group>"; };
		AB1C2DE20000000000000006 /* pose3_silver@2x.png */ = {isa = PBXFileReference; lastKnownFileType = image.png; path = "pose3_silver@2x.png"; sourceTree = "<group>"; };
		AB1C2DE20000000000000007 /* pose3_silver@3x.png */ = {isa = PBXFileReference; lastKnownFileType = image.png; path = "pose3_silver@3x.png"; sourceTree = "<group>"; };
		AB1C2DE20000000000000008 /* pose3_bolt@2x.png */ = {isa = PBXFileReference; lastKnownFileType = image.png; path = "pose3_bolt@2x.png"; sourceTree = "<group>"; };
		AB1C2DE20000000000000009 /* pose3_bolt@3x.png */ = {isa = PBXFileReference; lastKnownFileType = image.png; path = "pose3_bolt@3x.png"; sourceTree = "<group>"; };
		AB1C2DE2000000000000000A /* pose3_verde@2x.png */ = {isa = PBXFileReference; lastKnownFileType = image.png; path = "pose3_verde@2x.png"; sourceTree = "<group>"; };
		AB1C2DE2000000000000000B /* pose3_verde@3x.png */ = {isa = PBXFileReference; lastKnownFileType = image.png; path = "pose3_verde@3x.png"; sourceTree = "<group>"; };
		AB1C2DE2000000000000000C /* pose3_azur@2x.png */ = {isa = PBXFileReference; lastKnownFileType = image.png; path = "pose3_azur@2x.png"; sourceTree = "<group>"; };
		AB1C2DE2000000000000000D /* pose3_azur@3x.png */ = {isa = PBXFileReference; lastKnownFileType = image.png; path = "pose3_azur@3x.png"; sourceTree = "<group>"; };
		AB1C2DE2000000000000000E /* pose3_atlantic@2x.png */ = {isa = PBXFileReference; lastKnownFileType = image.png; path = "pose3_atlantic@2x.png"; sourceTree = "<group>"; };
		AB1C2DE2000000000000000F /* pose3_atlantic@3x.png */ = {isa = PBXFileReference; lastKnownFileType = image.png; path = "pose3_atlantic@3x.png"; sourceTree = "<group>"; };
		AB1C2DE20000000000000010 /* pose3_frost@2x.png */ = {isa = PBXFileReference; lastKnownFileType = image.png; path = "pose3_frost@2x.png"; sourceTree = "<group>"; };
		AB1C2DE20000000000000011 /* pose3_frost@3x.png */ = {isa = PBXFileReference; lastKnownFileType = image.png; path = "pose3_frost@3x.png"; sourceTree = "<group>"; };
		AB1C2DE20000000000000012 /* pose3_ivory@2x.png */ = {isa = PBXFileReference; lastKnownFileType = image.png; path = "pose3_ivory@2x.png"; sourceTree = "<group>"; };
		AB1C2DE20000000000000013 /* pose3_ivory@3x.png */ = {isa = PBXFileReference; lastKnownFileType = image.png; path = "pose3_ivory@3x.png"; sourceTree = "<group>"; };
		AB1C2DE20000000000000014 /* pose3_titan@2x.png */ = {isa = PBXFileReference; lastKnownFileType = image.png; path = "pose3_titan@2x.png"; sourceTree = "<group>"; };
		AB1C2DE20000000000000015 /* pose3_titan@3x.png */ = {isa = PBXFileReference; lastKnownFileType = image.png; path = "pose3_titan@3x.png"; sourceTree = "<group>"; };
		AB1C2DE20000000000000016 /* pose3_midnight@2x.png */ = {isa = PBXFileReference; lastKnownFileType = image.png; path = "pose3_midnight@2x.png"; sourceTree = "<group>"; };
		AB1C2DE20000000000000017 /* pose3_midnight@3x.png */ = {isa = PBXFileReference; lastKnownFileType = image.png; path = "pose3_midnight@3x.png"; sourceTree = "<group>"; };
		AB1C2DE20000000000000018 /* pose1_undercut_light@2x.png */ = {isa = PBXFileReference; lastKnownFileType = image.png; path = "pose1_undercut_light@2x.png"; sourceTree = "<group>"; };
		AB1C2DE20000000000000019 /* pose1_undercut_light@3x.png */ = {isa = PBXFileReference; lastKnownFileType = image.png; path = "pose1_undercut_light@3x.png"; sourceTree = "<group>"; };
		AB1C2DE2000000000000001A /* pose1_rosso_light@2x.png */ = {isa = PBXFileReference; lastKnownFileType = image.png; path = "pose1_rosso_light@2x.png"; sourceTree = "<group>"; };
		AB1C2DE2000000000000001B /* pose1_rosso_light@3x.png */ = {isa = PBXFileReference; lastKnownFileType = image.png; path = "pose1_rosso_light@3x.png"; sourceTree = "<group>"; };
		AB1C2DE2000000000000001C /* pose1_papaya_light@2x.png */ = {isa = PBXFileReference; lastKnownFileType = image.png; path = "pose1_papaya_light@2x.png"; sourceTree = "<group>"; };
		AB1C2DE2000000000000001D /* pose1_papaya_light@3x.png */ = {isa = PBXFileReference; lastKnownFileType = image.png; path = "pose1_papaya_light@3x.png"; sourceTree = "<group>"; };
		AB1C2DE2000000000000001E /* pose1_silver_light@2x.png */ = {isa = PBXFileReference; lastKnownFileType = image.png; path = "pose1_silver_light@2x.png"; sourceTree = "<group>"; };
		AB1C2DE2000000000000001F /* pose1_silver_light@3x.png */ = {isa = PBXFileReference; lastKnownFileType = image.png; path = "pose1_silver_light@3x.png"; sourceTree = "<group>"; };
		AB1C2DE20000000000000020 /* pose1_bolt_light@2x.png */ = {isa = PBXFileReference; lastKnownFileType = image.png; path = "pose1_bolt_light@2x.png"; sourceTree = "<group>"; };
		AB1C2DE20000000000000021 /* pose1_bolt_light@3x.png */ = {isa = PBXFileReference; lastKnownFileType = image.png; path = "pose1_bolt_light@3x.png"; sourceTree = "<group>"; };
		AB1C2DE20000000000000022 /* pose1_verde_light@2x.png */ = {isa = PBXFileReference; lastKnownFileType = image.png; path = "pose1_verde_light@2x.png"; sourceTree = "<group>"; };
		AB1C2DE20000000000000023 /* pose1_verde_light@3x.png */ = {isa = PBXFileReference; lastKnownFileType = image.png; path = "pose1_verde_light@3x.png"; sourceTree = "<group>"; };
		AB1C2DE20000000000000024 /* pose1_azur_light@2x.png */ = {isa = PBXFileReference; lastKnownFileType = image.png; path = "pose1_azur_light@2x.png"; sourceTree = "<group>"; };
		AB1C2DE20000000000000025 /* pose1_azur_light@3x.png */ = {isa = PBXFileReference; lastKnownFileType = image.png; path = "pose1_azur_light@3x.png"; sourceTree = "<group>"; };
		AB1C2DE20000000000000026 /* pose1_atlantic_light@2x.png */ = {isa = PBXFileReference; lastKnownFileType = image.png; path = "pose1_atlantic_light@2x.png"; sourceTree = "<group>"; };
		AB1C2DE20000000000000027 /* pose1_atlantic_light@3x.png */ = {isa = PBXFileReference; lastKnownFileType = image.png; path = "pose1_atlantic_light@3x.png"; sourceTree = "<group>"; };
		AB1C2DE20000000000000028 /* pose1_frost_light@2x.png */ = {isa = PBXFileReference; lastKnownFileType = image.png; path = "pose1_frost_light@2x.png"; sourceTree = "<group>"; };
		AB1C2DE20000000000000029 /* pose1_frost_light@3x.png */ = {isa = PBXFileReference; lastKnownFileType = image.png; path = "pose1_frost_light@3x.png"; sourceTree = "<group>"; };
		AB1C2DE2000000000000002A /* pose1_ivory_light@2x.png */ = {isa = PBXFileReference; lastKnownFileType = image.png; path = "pose1_ivory_light@2x.png"; sourceTree = "<group>"; };
		AB1C2DE2000000000000002B /* pose1_ivory_light@3x.png */ = {isa = PBXFileReference; lastKnownFileType = image.png; path = "pose1_ivory_light@3x.png"; sourceTree = "<group>"; };
		AB1C2DE2000000000000002C /* pose1_titan_light@2x.png */ = {isa = PBXFileReference; lastKnownFileType = image.png; path = "pose1_titan_light@2x.png"; sourceTree = "<group>"; };
		AB1C2DE2000000000000002D /* pose1_titan_light@3x.png */ = {isa = PBXFileReference; lastKnownFileType = image.png; path = "pose1_titan_light@3x.png"; sourceTree = "<group>"; };
		AB1C2DE2000000000000002E /* pose1_midnight_light@2x.png */ = {isa = PBXFileReference; lastKnownFileType = image.png; path = "pose1_midnight_light@2x.png"; sourceTree = "<group>"; };
		AB1C2DE2000000000000002F /* pose1_midnight_light@3x.png */ = {isa = PBXFileReference; lastKnownFileType = image.png; path = "pose1_midnight_light@3x.png"; sourceTree = "<group>"; };
		AB1C2DE20000000000000030 /* pose2_undercut_light@2x.png */ = {isa = PBXFileReference; lastKnownFileType = image.png; path = "pose2_undercut_light@2x.png"; sourceTree = "<group>"; };
		AB1C2DE20000000000000031 /* pose2_undercut_light@3x.png */ = {isa = PBXFileReference; lastKnownFileType = image.png; path = "pose2_undercut_light@3x.png"; sourceTree = "<group>"; };
		AB1C2DE20000000000000032 /* pose2_rosso_light@2x.png */ = {isa = PBXFileReference; lastKnownFileType = image.png; path = "pose2_rosso_light@2x.png"; sourceTree = "<group>"; };
		AB1C2DE20000000000000033 /* pose2_rosso_light@3x.png */ = {isa = PBXFileReference; lastKnownFileType = image.png; path = "pose2_rosso_light@3x.png"; sourceTree = "<group>"; };
		AB1C2DE20000000000000034 /* pose2_papaya_light@2x.png */ = {isa = PBXFileReference; lastKnownFileType = image.png; path = "pose2_papaya_light@2x.png"; sourceTree = "<group>"; };
		AB1C2DE20000000000000035 /* pose2_papaya_light@3x.png */ = {isa = PBXFileReference; lastKnownFileType = image.png; path = "pose2_papaya_light@3x.png"; sourceTree = "<group>"; };
		AB1C2DE20000000000000036 /* pose2_silver_light@2x.png */ = {isa = PBXFileReference; lastKnownFileType = image.png; path = "pose2_silver_light@2x.png"; sourceTree = "<group>"; };
		AB1C2DE20000000000000037 /* pose2_silver_light@3x.png */ = {isa = PBXFileReference; lastKnownFileType = image.png; path = "pose2_silver_light@3x.png"; sourceTree = "<group>"; };
		AB1C2DE20000000000000038 /* pose2_bolt_light@2x.png */ = {isa = PBXFileReference; lastKnownFileType = image.png; path = "pose2_bolt_light@2x.png"; sourceTree = "<group>"; };
		AB1C2DE20000000000000039 /* pose2_bolt_light@3x.png */ = {isa = PBXFileReference; lastKnownFileType = image.png; path = "pose2_bolt_light@3x.png"; sourceTree = "<group>"; };
		AB1C2DE2000000000000003A /* pose2_verde_light@2x.png */ = {isa = PBXFileReference; lastKnownFileType = image.png; path = "pose2_verde_light@2x.png"; sourceTree = "<group>"; };
		AB1C2DE2000000000000003B /* pose2_verde_light@3x.png */ = {isa = PBXFileReference; lastKnownFileType = image.png; path = "pose2_verde_light@3x.png"; sourceTree = "<group>"; };
		AB1C2DE2000000000000003C /* pose2_azur_light@2x.png */ = {isa = PBXFileReference; lastKnownFileType = image.png; path = "pose2_azur_light@2x.png"; sourceTree = "<group>"; };
		AB1C2DE2000000000000003D /* pose2_azur_light@3x.png */ = {isa = PBXFileReference; lastKnownFileType = image.png; path = "pose2_azur_light@3x.png"; sourceTree = "<group>"; };
		AB1C2DE2000000000000003E /* pose2_atlantic_light@2x.png */ = {isa = PBXFileReference; lastKnownFileType = image.png; path = "pose2_atlantic_light@2x.png"; sourceTree = "<group>"; };
		AB1C2DE2000000000000003F /* pose2_atlantic_light@3x.png */ = {isa = PBXFileReference; lastKnownFileType = image.png; path = "pose2_atlantic_light@3x.png"; sourceTree = "<group>"; };
		AB1C2DE20000000000000040 /* pose2_frost_light@2x.png */ = {isa = PBXFileReference; lastKnownFileType = image.png; path = "pose2_frost_light@2x.png"; sourceTree = "<group>"; };
		AB1C2DE20000000000000041 /* pose2_frost_light@3x.png */ = {isa = PBXFileReference; lastKnownFileType = image.png; path = "pose2_frost_light@3x.png"; sourceTree = "<group>"; };
		AB1C2DE20000000000000042 /* pose2_ivory_light@2x.png */ = {isa = PBXFileReference; lastKnownFileType = image.png; path = "pose2_ivory_light@2x.png"; sourceTree = "<group>"; };
		AB1C2DE20000000000000043 /* pose2_ivory_light@3x.png */ = {isa = PBXFileReference; lastKnownFileType = image.png; path = "pose2_ivory_light@3x.png"; sourceTree = "<group>"; };
		AB1C2DE20000000000000044 /* pose2_titan_light@2x.png */ = {isa = PBXFileReference; lastKnownFileType = image.png; path = "pose2_titan_light@2x.png"; sourceTree = "<group>"; };
		AB1C2DE20000000000000045 /* pose2_titan_light@3x.png */ = {isa = PBXFileReference; lastKnownFileType = image.png; path = "pose2_titan_light@3x.png"; sourceTree = "<group>"; };
		AB1C2DE20000000000000046 /* pose2_midnight_light@2x.png */ = {isa = PBXFileReference; lastKnownFileType = image.png; path = "pose2_midnight_light@2x.png"; sourceTree = "<group>"; };
		AB1C2DE20000000000000047 /* pose2_midnight_light@3x.png */ = {isa = PBXFileReference; lastKnownFileType = image.png; path = "pose2_midnight_light@3x.png"; sourceTree = "<group>"; };
		AB1C2DE20000000000000048 /* pose3_undercut_light@2x.png */ = {isa = PBXFileReference; lastKnownFileType = image.png; path = "pose3_undercut_light@2x.png"; sourceTree = "<group>"; };
		AB1C2DE20000000000000049 /* pose3_undercut_light@3x.png */ = {isa = PBXFileReference; lastKnownFileType = image.png; path = "pose3_undercut_light@3x.png"; sourceTree = "<group>"; };
		AB1C2DE2000000000000004A /* pose3_rosso_light@2x.png */ = {isa = PBXFileReference; lastKnownFileType = image.png; path = "pose3_rosso_light@2x.png"; sourceTree = "<group>"; };
		AB1C2DE2000000000000004B /* pose3_rosso_light@3x.png */ = {isa = PBXFileReference; lastKnownFileType = image.png; path = "pose3_rosso_light@3x.png"; sourceTree = "<group>"; };
		AB1C2DE2000000000000004C /* pose3_papaya_light@2x.png */ = {isa = PBXFileReference; lastKnownFileType = image.png; path = "pose3_papaya_light@2x.png"; sourceTree = "<group>"; };
		AB1C2DE2000000000000004D /* pose3_papaya_light@3x.png */ = {isa = PBXFileReference; lastKnownFileType = image.png; path = "pose3_papaya_light@3x.png"; sourceTree = "<group>"; };
		AB1C2DE2000000000000004E /* pose3_silver_light@2x.png */ = {isa = PBXFileReference; lastKnownFileType = image.png; path = "pose3_silver_light@2x.png"; sourceTree = "<group>"; };
		AB1C2DE2000000000000004F /* pose3_silver_light@3x.png */ = {isa = PBXFileReference; lastKnownFileType = image.png; path = "pose3_silver_light@3x.png"; sourceTree = "<group>"; };
		AB1C2DE20000000000000050 /* pose3_bolt_light@2x.png */ = {isa = PBXFileReference; lastKnownFileType = image.png; path = "pose3_bolt_light@2x.png"; sourceTree = "<group>"; };
		AB1C2DE20000000000000051 /* pose3_bolt_light@3x.png */ = {isa = PBXFileReference; lastKnownFileType = image.png; path = "pose3_bolt_light@3x.png"; sourceTree = "<group>"; };
		AB1C2DE20000000000000052 /* pose3_verde_light@2x.png */ = {isa = PBXFileReference; lastKnownFileType = image.png; path = "pose3_verde_light@2x.png"; sourceTree = "<group>"; };
		AB1C2DE20000000000000053 /* pose3_verde_light@3x.png */ = {isa = PBXFileReference; lastKnownFileType = image.png; path = "pose3_verde_light@3x.png"; sourceTree = "<group>"; };
		AB1C2DE20000000000000054 /* pose3_azur_light@2x.png */ = {isa = PBXFileReference; lastKnownFileType = image.png; path = "pose3_azur_light@2x.png"; sourceTree = "<group>"; };
		AB1C2DE20000000000000055 /* pose3_azur_light@3x.png */ = {isa = PBXFileReference; lastKnownFileType = image.png; path = "pose3_azur_light@3x.png"; sourceTree = "<group>"; };
		AB1C2DE20000000000000056 /* pose3_atlantic_light@2x.png */ = {isa = PBXFileReference; lastKnownFileType = image.png; path = "pose3_atlantic_light@2x.png"; sourceTree = "<group>"; };
		AB1C2DE20000000000000057 /* pose3_atlantic_light@3x.png */ = {isa = PBXFileReference; lastKnownFileType = image.png; path = "pose3_atlantic_light@3x.png"; sourceTree = "<group>"; };
		AB1C2DE20000000000000058 /* pose3_frost_light@2x.png */ = {isa = PBXFileReference; lastKnownFileType = image.png; path = "pose3_frost_light@2x.png"; sourceTree = "<group>"; };
		AB1C2DE20000000000000059 /* pose3_frost_light@3x.png */ = {isa = PBXFileReference; lastKnownFileType = image.png; path = "pose3_frost_light@3x.png"; sourceTree = "<group>"; };
		AB1C2DE2000000000000005A /* pose3_ivory_light@2x.png */ = {isa = PBXFileReference; lastKnownFileType = image.png; path = "pose3_ivory_light@2x.png"; sourceTree = "<group>"; };
		AB1C2DE2000000000000005B /* pose3_ivory_light@3x.png */ = {isa = PBXFileReference; lastKnownFileType = image.png; path = "pose3_ivory_light@3x.png"; sourceTree = "<group>"; };
		AB1C2DE2000000000000005C /* pose3_titan_light@2x.png */ = {isa = PBXFileReference; lastKnownFileType = image.png; path = "pose3_titan_light@2x.png"; sourceTree = "<group>"; };
		AB1C2DE2000000000000005D /* pose3_titan_light@3x.png */ = {isa = PBXFileReference; lastKnownFileType = image.png; path = "pose3_titan_light@3x.png"; sourceTree = "<group>"; };
		AB1C2DE2000000000000005E /* pose3_midnight_light@2x.png */ = {isa = PBXFileReference; lastKnownFileType = image.png; path = "pose3_midnight_light@2x.png"; sourceTree = "<group>"; };
		AB1C2DE2000000000000005F /* pose3_midnight_light@3x.png */ = {isa = PBXFileReference; lastKnownFileType = image.png; path = "pose3_midnight_light@3x.png"; sourceTree = "<group>"; };
/* End PBXFileReference section */

/* Begin PBXFrameworksBuildPhase section */
		97C146EB1CF9000F007C117D /* Frameworks */ = {
			isa = PBXFrameworksBuildPhase;
			buildActionMask = 2147483647;
			files = (
				76025A5893705240126B5301 /* Pods_Runner.framework in Frameworks */,
			);
			runOnlyForDeploymentPostprocessing = 0;
		};
		D0C4F959F14CAAF23DEBC239 /* Frameworks */ = {
			isa = PBXFrameworksBuildPhase;
			buildActionMask = 2147483647;
			files = (
				9EF7F417392CDD8824D13B0A /* Pods_RunnerTests.framework in Frameworks */,
			);
			runOnlyForDeploymentPostprocessing = 0;
		};
/* End PBXFrameworksBuildPhase section */

/* Begin PBXGroup section */
		331C8082294A63A400263BE5 /* RunnerTests */ = {
			isa = PBXGroup;
			children = (
				331C807B294A618700263BE5 /* RunnerTests.swift */,
			);
			path = RunnerTests;
			sourceTree = "<group>";
		};
		4FF8B16C55CEB0DAFB5AD2C0 /* Pods */ = {
			isa = PBXGroup;
			children = (
				B24AD5A7D08CC01AAC03F85F /* Pods-Runner.debug.xcconfig */,
				D07BCE2A435165440B7FA2BB /* Pods-Runner.release.xcconfig */,
				A31103838AAFC3704A3A40AA /* Pods-Runner.profile.xcconfig */,
				97D82F2D291C63AC4A0C28F3 /* Pods-RunnerTests.debug.xcconfig */,
				45E5C0D6B5F0B04A1201066E /* Pods-RunnerTests.release.xcconfig */,
				F4310095674E1B5A5F7A1706 /* Pods-RunnerTests.profile.xcconfig */,
			);
			path = Pods;
			sourceTree = "<group>";
		};
		64CA6657D395FA7D7556FA3B /* Frameworks */ = {
			isa = PBXGroup;
			children = (
				31F026F54490AFD555EE482C /* Pods_Runner.framework */,
				D8D864258BAC275FC29015D3 /* Pods_RunnerTests.framework */,
			);
			name = Frameworks;
			sourceTree = "<group>";
		};
		9740EEB11CF90186004384FC /* Flutter */ = {
			isa = PBXGroup;
			children = (
				3B3967151E833CAA004F5970 /* AppFrameworkInfo.plist */,
				9740EEB21CF90195004384FC /* Debug.xcconfig */,
				7AFA3C8E1D35360C0083082E /* Release.xcconfig */,
				9740EEB31CF90195004384FC /* Generated.xcconfig */,
			);
			name = Flutter;
			sourceTree = "<group>";
		};
		97C146E51CF9000F007C117D = {
			isa = PBXGroup;
			children = (
				9740EEB11CF90186004384FC /* Flutter */,
				97C146F01CF9000F007C117D /* Runner */,
				97C146EF1CF9000F007C117D /* Products */,
				331C8082294A63A400263BE5 /* RunnerTests */,
				4FF8B16C55CEB0DAFB5AD2C0 /* Pods */,
				64CA6657D395FA7D7556FA3B /* Frameworks */,
			);
			sourceTree = "<group>";
		};
		97C146EF1CF9000F007C117D /* Products */ = {
			isa = PBXGroup;
			children = (
				97C146EE1CF9000F007C117D /* Runner.app */,
				331C8081294A63A400263BE5 /* RunnerTests.xctest */,
			);
			name = Products;
			sourceTree = "<group>";
		};
		97C146F01CF9000F007C117D /* Runner */ = {
			isa = PBXGroup;
			children = (
				AB1C2DE00000000000000000 /* pose1_atlantic@2x.png */,
				AB1C2DE00000000000000001 /* pose1_atlantic@3x.png */,
				AB1C2DE00000000000000002 /* pose1_azur@2x.png */,
				AB1C2DE00000000000000003 /* pose1_azur@3x.png */,
				AB1C2DE00000000000000004 /* pose1_bolt@2x.png */,
				AB1C2DE00000000000000005 /* pose1_bolt@3x.png */,
				AB1C2DE00000000000000006 /* pose1_frost@2x.png */,
				AB1C2DE00000000000000007 /* pose1_frost@3x.png */,
				AB1C2DE00000000000000008 /* pose1_ivory@2x.png */,
				AB1C2DE00000000000000009 /* pose1_ivory@3x.png */,
				AB1C2DE0000000000000000A /* pose1_midnight@2x.png */,
				AB1C2DE0000000000000000B /* pose1_midnight@3x.png */,
				AB1C2DE0000000000000000E /* pose1_papaya@2x.png */,
				AB1C2DE0000000000000000F /* pose1_papaya@3x.png */,
				AB1C2DE00000000000000010 /* pose1_rosso@2x.png */,
				AB1C2DE00000000000000011 /* pose1_rosso@3x.png */,
				AB1C2DE00000000000000012 /* pose1_silver@2x.png */,
				AB1C2DE00000000000000013 /* pose1_silver@3x.png */,
				AB1C2DE00000000000000014 /* pose1_titan@2x.png */,
				AB1C2DE00000000000000015 /* pose1_titan@3x.png */,
				AB1C2DE00000000000000016 /* pose1_undercut@2x.png */,
				AB1C2DE00000000000000017 /* pose1_undercut@3x.png */,
				AB1C2DE00000000000000018 /* pose1_verde@2x.png */,
				AB1C2DE00000000000000019 /* pose1_verde@3x.png */,
				AB1C2DE0000000000000001A /* pose2_atlantic@2x.png */,
				AB1C2DE0000000000000001B /* pose2_atlantic@3x.png */,
				AB1C2DE0000000000000001C /* pose2_azur@2x.png */,
				AB1C2DE0000000000000001D /* pose2_azur@3x.png */,
				AB1C2DE0000000000000001E /* pose2_bolt@2x.png */,
				AB1C2DE0000000000000001F /* pose2_bolt@3x.png */,
				AB1C2DE00000000000000020 /* pose2_frost@2x.png */,
				AB1C2DE00000000000000021 /* pose2_frost@3x.png */,
				AB1C2DE00000000000000022 /* pose2_ivory@2x.png */,
				AB1C2DE00000000000000023 /* pose2_ivory@3x.png */,
				AB1C2DE00000000000000024 /* pose2_midnight@2x.png */,
				AB1C2DE00000000000000025 /* pose2_midnight@3x.png */,
				AB1C2DE00000000000000028 /* pose2_papaya@2x.png */,
				AB1C2DE00000000000000029 /* pose2_papaya@3x.png */,
				AB1C2DE0000000000000002A /* pose2_rosso@2x.png */,
				AB1C2DE0000000000000002B /* pose2_rosso@3x.png */,
				AB1C2DE0000000000000002C /* pose2_silver@2x.png */,
				AB1C2DE0000000000000002D /* pose2_silver@3x.png */,
				AB1C2DE0000000000000002E /* pose2_titan@2x.png */,
				AB1C2DE0000000000000002F /* pose2_titan@3x.png */,
				AB1C2DE00000000000000030 /* pose2_undercut@2x.png */,
				AB1C2DE00000000000000031 /* pose2_undercut@3x.png */,
				AB1C2DE00000000000000032 /* pose2_verde@2x.png */,
				AB1C2DE00000000000000033 /* pose2_verde@3x.png */,
				AB1C2DE20000000000000000 /* pose3_undercut@2x.png */,
				AB1C2DE20000000000000001 /* pose3_undercut@3x.png */,
				AB1C2DE20000000000000002 /* pose3_rosso@2x.png */,
				AB1C2DE20000000000000003 /* pose3_rosso@3x.png */,
				AB1C2DE20000000000000004 /* pose3_papaya@2x.png */,
				AB1C2DE20000000000000005 /* pose3_papaya@3x.png */,
				AB1C2DE20000000000000006 /* pose3_silver@2x.png */,
				AB1C2DE20000000000000007 /* pose3_silver@3x.png */,
				AB1C2DE20000000000000008 /* pose3_bolt@2x.png */,
				AB1C2DE20000000000000009 /* pose3_bolt@3x.png */,
				AB1C2DE2000000000000000A /* pose3_verde@2x.png */,
				AB1C2DE2000000000000000B /* pose3_verde@3x.png */,
				AB1C2DE2000000000000000C /* pose3_azur@2x.png */,
				AB1C2DE2000000000000000D /* pose3_azur@3x.png */,
				AB1C2DE2000000000000000E /* pose3_atlantic@2x.png */,
				AB1C2DE2000000000000000F /* pose3_atlantic@3x.png */,
				AB1C2DE20000000000000010 /* pose3_frost@2x.png */,
				AB1C2DE20000000000000011 /* pose3_frost@3x.png */,
				AB1C2DE20000000000000012 /* pose3_ivory@2x.png */,
				AB1C2DE20000000000000013 /* pose3_ivory@3x.png */,
				AB1C2DE20000000000000014 /* pose3_titan@2x.png */,
				AB1C2DE20000000000000015 /* pose3_titan@3x.png */,
				AB1C2DE20000000000000016 /* pose3_midnight@2x.png */,
				AB1C2DE20000000000000017 /* pose3_midnight@3x.png */,
				AB1C2DE20000000000000018 /* pose1_undercut_light@2x.png */,
				AB1C2DE20000000000000019 /* pose1_undercut_light@3x.png */,
				AB1C2DE2000000000000001A /* pose1_rosso_light@2x.png */,
				AB1C2DE2000000000000001B /* pose1_rosso_light@3x.png */,
				AB1C2DE2000000000000001C /* pose1_papaya_light@2x.png */,
				AB1C2DE2000000000000001D /* pose1_papaya_light@3x.png */,
				AB1C2DE2000000000000001E /* pose1_silver_light@2x.png */,
				AB1C2DE2000000000000001F /* pose1_silver_light@3x.png */,
				AB1C2DE20000000000000020 /* pose1_bolt_light@2x.png */,
				AB1C2DE20000000000000021 /* pose1_bolt_light@3x.png */,
				AB1C2DE20000000000000022 /* pose1_verde_light@2x.png */,
				AB1C2DE20000000000000023 /* pose1_verde_light@3x.png */,
				AB1C2DE20000000000000024 /* pose1_azur_light@2x.png */,
				AB1C2DE20000000000000025 /* pose1_azur_light@3x.png */,
				AB1C2DE20000000000000026 /* pose1_atlantic_light@2x.png */,
				AB1C2DE20000000000000027 /* pose1_atlantic_light@3x.png */,
				AB1C2DE20000000000000028 /* pose1_frost_light@2x.png */,
				AB1C2DE20000000000000029 /* pose1_frost_light@3x.png */,
				AB1C2DE2000000000000002A /* pose1_ivory_light@2x.png */,
				AB1C2DE2000000000000002B /* pose1_ivory_light@3x.png */,
				AB1C2DE2000000000000002C /* pose1_titan_light@2x.png */,
				AB1C2DE2000000000000002D /* pose1_titan_light@3x.png */,
				AB1C2DE2000000000000002E /* pose1_midnight_light@2x.png */,
				AB1C2DE2000000000000002F /* pose1_midnight_light@3x.png */,
				AB1C2DE20000000000000030 /* pose2_undercut_light@2x.png */,
				AB1C2DE20000000000000031 /* pose2_undercut_light@3x.png */,
				AB1C2DE20000000000000032 /* pose2_rosso_light@2x.png */,
				AB1C2DE20000000000000033 /* pose2_rosso_light@3x.png */,
				AB1C2DE20000000000000034 /* pose2_papaya_light@2x.png */,
				AB1C2DE20000000000000035 /* pose2_papaya_light@3x.png */,
				AB1C2DE20000000000000036 /* pose2_silver_light@2x.png */,
				AB1C2DE20000000000000037 /* pose2_silver_light@3x.png */,
				AB1C2DE20000000000000038 /* pose2_bolt_light@2x.png */,
				AB1C2DE20000000000000039 /* pose2_bolt_light@3x.png */,
				AB1C2DE2000000000000003A /* pose2_verde_light@2x.png */,
				AB1C2DE2000000000000003B /* pose2_verde_light@3x.png */,
				AB1C2DE2000000000000003C /* pose2_azur_light@2x.png */,
				AB1C2DE2000000000000003D /* pose2_azur_light@3x.png */,
				AB1C2DE2000000000000003E /* pose2_atlantic_light@2x.png */,
				AB1C2DE2000000000000003F /* pose2_atlantic_light@3x.png */,
				AB1C2DE20000000000000040 /* pose2_frost_light@2x.png */,
				AB1C2DE20000000000000041 /* pose2_frost_light@3x.png */,
				AB1C2DE20000000000000042 /* pose2_ivory_light@2x.png */,
				AB1C2DE20000000000000043 /* pose2_ivory_light@3x.png */,
				AB1C2DE20000000000000044 /* pose2_titan_light@2x.png */,
				AB1C2DE20000000000000045 /* pose2_titan_light@3x.png */,
				AB1C2DE20000000000000046 /* pose2_midnight_light@2x.png */,
				AB1C2DE20000000000000047 /* pose2_midnight_light@3x.png */,
				AB1C2DE20000000000000048 /* pose3_undercut_light@2x.png */,
				AB1C2DE20000000000000049 /* pose3_undercut_light@3x.png */,
				AB1C2DE2000000000000004A /* pose3_rosso_light@2x.png */,
				AB1C2DE2000000000000004B /* pose3_rosso_light@3x.png */,
				AB1C2DE2000000000000004C /* pose3_papaya_light@2x.png */,
				AB1C2DE2000000000000004D /* pose3_papaya_light@3x.png */,
				AB1C2DE2000000000000004E /* pose3_silver_light@2x.png */,
				AB1C2DE2000000000000004F /* pose3_silver_light@3x.png */,
				AB1C2DE20000000000000050 /* pose3_bolt_light@2x.png */,
				AB1C2DE20000000000000051 /* pose3_bolt_light@3x.png */,
				AB1C2DE20000000000000052 /* pose3_verde_light@2x.png */,
				AB1C2DE20000000000000053 /* pose3_verde_light@3x.png */,
				AB1C2DE20000000000000054 /* pose3_azur_light@2x.png */,
				AB1C2DE20000000000000055 /* pose3_azur_light@3x.png */,
				AB1C2DE20000000000000056 /* pose3_atlantic_light@2x.png */,
				AB1C2DE20000000000000057 /* pose3_atlantic_light@3x.png */,
				AB1C2DE20000000000000058 /* pose3_frost_light@2x.png */,
				AB1C2DE20000000000000059 /* pose3_frost_light@3x.png */,
				AB1C2DE2000000000000005A /* pose3_ivory_light@2x.png */,
				AB1C2DE2000000000000005B /* pose3_ivory_light@3x.png */,
				AB1C2DE2000000000000005C /* pose3_titan_light@2x.png */,
				AB1C2DE2000000000000005D /* pose3_titan_light@3x.png */,
				AB1C2DE2000000000000005E /* pose3_midnight_light@2x.png */,
				AB1C2DE2000000000000005F /* pose3_midnight_light@3x.png */,
				97C146FA1CF9000F007C117D /* Main.storyboard */,
				97C146FD1CF9000F007C117D /* Assets.xcassets */,
				97C146FF1CF9000F007C117D /* LaunchScreen.storyboard */,
				97C147021CF9000F007C117D /* Info.plist */,
				1498D2321E8E86230040F4C2 /* GeneratedPluginRegistrant.h */,
				1498D2331E8E89220040F4C2 /* GeneratedPluginRegistrant.m */,
				74858FAE1ED2DC5600515810 /* AppDelegate.swift */,
				74858FAD1ED2DC5600515810 /* Runner-Bridging-Header.h */,
			);
			path = Runner;
			sourceTree = "<group>";
		};
/* End PBXGroup section */

/* Begin PBXNativeTarget section */
		331C8080294A63A400263BE5 /* RunnerTests */ = {
			isa = PBXNativeTarget;
			buildConfigurationList = 331C8087294A63A400263BE5 /* Build configuration list for PBXNativeTarget "RunnerTests" */;
			buildPhases = (
				7DA1E7B7DC4347F1762B85A7 /* [CP] Check Pods Manifest.lock */,
				331C807D294A63A400263BE5 /* Sources */,
				331C807F294A63A400263BE5 /* Resources */,
				D0C4F959F14CAAF23DEBC239 /* Frameworks */,
			);
			buildRules = (
			);
			dependencies = (
				331C8086294A63A400263BE5 /* PBXTargetDependency */,
			);
			name = RunnerTests;
			productName = RunnerTests;
			productReference = 331C8081294A63A400263BE5 /* RunnerTests.xctest */;
			productType = "com.apple.product-type.bundle.unit-test";
		};
		97C146ED1CF9000F007C117D /* Runner */ = {
			isa = PBXNativeTarget;
			buildConfigurationList = 97C147051CF9000F007C117D /* Build configuration list for PBXNativeTarget "Runner" */;
			buildPhases = (
				87F5A7B1790BE4FF450E1607 /* [CP] Check Pods Manifest.lock */,
				9740EEB61CF901F6004384FC /* Run Script */,
				97C146EA1CF9000F007C117D /* Sources */,
				97C146EB1CF9000F007C117D /* Frameworks */,
				97C146EC1CF9000F007C117D /* Resources */,
				9705A1C41CF9048500538489 /* Embed Frameworks */,
				3B06AD1E1E4923F5004D2608 /* Thin Binary */,
				EC2D9C2D4A0EC6316CA5FBC0 /* [CP] Embed Pods Frameworks */,
				460AF6F0895D4B0D847EC07C /* [CP] Copy Pods Resources */,
			);
			buildRules = (
			);
			dependencies = (
			);
			name = Runner;
			productName = Runner;
			productReference = 97C146EE1CF9000F007C117D /* Runner.app */;
			productType = "com.apple.product-type.application";
		};
/* End PBXNativeTarget section */

/* Begin PBXProject section */
		97C146E61CF9000F007C117D /* Project object */ = {
			isa = PBXProject;
			attributes = {
				BuildIndependentTargetsInParallel = YES;
				LastUpgradeCheck = 1510;
				ORGANIZATIONNAME = "";
				TargetAttributes = {
					331C8080294A63A400263BE5 = {
						CreatedOnToolsVersion = 14.0;
						TestTargetID = 97C146ED1CF9000F007C117D;
					};
					97C146ED1CF9000F007C117D = {
						CreatedOnToolsVersion = 7.3.1;
						LastSwiftMigration = 1100;
					};
				};
			};
			buildConfigurationList = 97C146E91CF9000F007C117D /* Build configuration list for PBXProject "Runner" */;
			compatibilityVersion = "Xcode 9.3";
			developmentRegion = en;
			hasScannedForEncodings = 0;
			knownRegions = (
				en,
				Base,
			);
			mainGroup = 97C146E51CF9000F007C117D;
			productRefGroup = 97C146EF1CF9000F007C117D /* Products */;
			projectDirPath = "";
			projectRoot = "";
			targets = (
				97C146ED1CF9000F007C117D /* Runner */,
				331C8080294A63A400263BE5 /* RunnerTests */,
			);
		};
/* End PBXProject section */

/* Begin PBXResourcesBuildPhase section */
		331C807F294A63A400263BE5 /* Resources */ = {
			isa = PBXResourcesBuildPhase;
			buildActionMask = 2147483647;
			files = (
			);
			runOnlyForDeploymentPostprocessing = 0;
		};
		97C146EC1CF9000F007C117D /* Resources */ = {
			isa = PBXResourcesBuildPhase;
			buildActionMask = 2147483647;
			files = (
				97C147011CF9000F007C117D /* LaunchScreen.storyboard in Resources */,
				3B3967161E833CAA004F5970 /* AppFrameworkInfo.plist in Resources */,
				97C146FE1CF9000F007C117D /* Assets.xcassets in Resources */,
				97C146FC1CF9000F007C117D /* Main.storyboard in Resources */,
				AB1C2DE000000000000000C8 /* pose1_atlantic@2x.png in Resources */,
				AB1C2DE000000000000000C9 /* pose1_atlantic@3x.png in Resources */,
				AB1C2DE000000000000000CA /* pose1_azur@2x.png in Resources */,
				AB1C2DE000000000000000CB /* pose1_azur@3x.png in Resources */,
				AB1C2DE000000000000000CC /* pose1_bolt@2x.png in Resources */,
				AB1C2DE000000000000000CD /* pose1_bolt@3x.png in Resources */,
				AB1C2DE000000000000000CE /* pose1_frost@2x.png in Resources */,
				AB1C2DE000000000000000CF /* pose1_frost@3x.png in Resources */,
				AB1C2DE000000000000000D0 /* pose1_ivory@2x.png in Resources */,
				AB1C2DE000000000000000D1 /* pose1_ivory@3x.png in Resources */,
				AB1C2DE000000000000000D2 /* pose1_midnight@2x.png in Resources */,
				AB1C2DE000000000000000D3 /* pose1_midnight@3x.png in Resources */,
				AB1C2DE000000000000000D6 /* pose1_papaya@2x.png in Resources */,
				AB1C2DE000000000000000D7 /* pose1_papaya@3x.png in Resources */,
				AB1C2DE000000000000000D8 /* pose1_rosso@2x.png in Resources */,
				AB1C2DE000000000000000D9 /* pose1_rosso@3x.png in Resources */,
				AB1C2DE000000000000000DA /* pose1_silver@2x.png in Resources */,
				AB1C2DE000000000000000DB /* pose1_silver@3x.png in Resources */,
				AB1C2DE000000000000000DC /* pose1_titan@2x.png in Resources */,
				AB1C2DE000000000000000DD /* pose1_titan@3x.png in Resources */,
				AB1C2DE000000000000000DE /* pose1_undercut@2x.png in Resources */,
				AB1C2DE000000000000000DF /* pose1_undercut@3x.png in Resources */,
				AB1C2DE000000000000000E0 /* pose1_verde@2x.png in Resources */,
				AB1C2DE000000000000000E1 /* pose1_verde@3x.png in Resources */,
				AB1C2DE000000000000000E2 /* pose2_atlantic@2x.png in Resources */,
				AB1C2DE000000000000000E3 /* pose2_atlantic@3x.png in Resources */,
				AB1C2DE000000000000000E4 /* pose2_azur@2x.png in Resources */,
				AB1C2DE000000000000000E5 /* pose2_azur@3x.png in Resources */,
				AB1C2DE000000000000000E6 /* pose2_bolt@2x.png in Resources */,
				AB1C2DE000000000000000E7 /* pose2_bolt@3x.png in Resources */,
				AB1C2DE000000000000000E8 /* pose2_frost@2x.png in Resources */,
				AB1C2DE000000000000000E9 /* pose2_frost@3x.png in Resources */,
				AB1C2DE000000000000000EA /* pose2_ivory@2x.png in Resources */,
				AB1C2DE000000000000000EB /* pose2_ivory@3x.png in Resources */,
				AB1C2DE000000000000000EC /* pose2_midnight@2x.png in Resources */,
				AB1C2DE000000000000000ED /* pose2_midnight@3x.png in Resources */,
				AB1C2DE000000000000000F0 /* pose2_papaya@2x.png in Resources */,
				AB1C2DE000000000000000F1 /* pose2_papaya@3x.png in Resources */,
				AB1C2DE000000000000000F2 /* pose2_rosso@2x.png in Resources */,
				AB1C2DE000000000000000F3 /* pose2_rosso@3x.png in Resources */,
				AB1C2DE000000000000000F4 /* pose2_silver@2x.png in Resources */,
				AB1C2DE000000000000000F5 /* pose2_silver@3x.png in Resources */,
				AB1C2DE000000000000000F6 /* pose2_titan@2x.png in Resources */,
				AB1C2DE000000000000000F7 /* pose2_titan@3x.png in Resources */,
				AB1C2DE000000000000000F8 /* pose2_undercut@2x.png in Resources */,
				AB1C2DE000000000000000F9 /* pose2_undercut@3x.png in Resources */,
				AB1C2DE000000000000000FA /* pose2_verde@2x.png in Resources */,
				AB1C2DE000000000000000FB /* pose2_verde@3x.png in Resources */,
				AB1C2DE30000000000000000 /* pose3_undercut@2x.png in Resources */,
				AB1C2DE30000000000000001 /* pose3_undercut@3x.png in Resources */,
				AB1C2DE30000000000000002 /* pose3_rosso@2x.png in Resources */,
				AB1C2DE30000000000000003 /* pose3_rosso@3x.png in Resources */,
				AB1C2DE30000000000000004 /* pose3_papaya@2x.png in Resources */,
				AB1C2DE30000000000000005 /* pose3_papaya@3x.png in Resources */,
				AB1C2DE30000000000000006 /* pose3_silver@2x.png in Resources */,
				AB1C2DE30000000000000007 /* pose3_silver@3x.png in Resources */,
				AB1C2DE30000000000000008 /* pose3_bolt@2x.png in Resources */,
				AB1C2DE30000000000000009 /* pose3_bolt@3x.png in Resources */,
				AB1C2DE3000000000000000A /* pose3_verde@2x.png in Resources */,
				AB1C2DE3000000000000000B /* pose3_verde@3x.png in Resources */,
				AB1C2DE3000000000000000C /* pose3_azur@2x.png in Resources */,
				AB1C2DE3000000000000000D /* pose3_azur@3x.png in Resources */,
				AB1C2DE3000000000000000E /* pose3_atlantic@2x.png in Resources */,
				AB1C2DE3000000000000000F /* pose3_atlantic@3x.png in Resources */,
				AB1C2DE30000000000000010 /* pose3_frost@2x.png in Resources */,
				AB1C2DE30000000000000011 /* pose3_frost@3x.png in Resources */,
				AB1C2DE30000000000000012 /* pose3_ivory@2x.png in Resources */,
				AB1C2DE30000000000000013 /* pose3_ivory@3x.png in Resources */,
				AB1C2DE30000000000000014 /* pose3_titan@2x.png in Resources */,
				AB1C2DE30000000000000015 /* pose3_titan@3x.png in Resources */,
				AB1C2DE30000000000000016 /* pose3_midnight@2x.png in Resources */,
				AB1C2DE30000000000000017 /* pose3_midnight@3x.png in Resources */,
				AB1C2DE30000000000000018 /* pose1_undercut_light@2x.png in Resources */,
				AB1C2DE30000000000000019 /* pose1_undercut_light@3x.png in Resources */,
				AB1C2DE3000000000000001A /* pose1_rosso_light@2x.png in Resources */,
				AB1C2DE3000000000000001B /* pose1_rosso_light@3x.png in Resources */,
				AB1C2DE3000000000000001C /* pose1_papaya_light@2x.png in Resources */,
				AB1C2DE3000000000000001D /* pose1_papaya_light@3x.png in Resources */,
				AB1C2DE3000000000000001E /* pose1_silver_light@2x.png in Resources */,
				AB1C2DE3000000000000001F /* pose1_silver_light@3x.png in Resources */,
				AB1C2DE30000000000000020 /* pose1_bolt_light@2x.png in Resources */,
				AB1C2DE30000000000000021 /* pose1_bolt_light@3x.png in Resources */,
				AB1C2DE30000000000000022 /* pose1_verde_light@2x.png in Resources */,
				AB1C2DE30000000000000023 /* pose1_verde_light@3x.png in Resources */,
				AB1C2DE30000000000000024 /* pose1_azur_light@2x.png in Resources */,
				AB1C2DE30000000000000025 /* pose1_azur_light@3x.png in Resources */,
				AB1C2DE30000000000000026 /* pose1_atlantic_light@2x.png in Resources */,
				AB1C2DE30000000000000027 /* pose1_atlantic_light@3x.png in Resources */,
				AB1C2DE30000000000000028 /* pose1_frost_light@2x.png in Resources */,
				AB1C2DE30000000000000029 /* pose1_frost_light@3x.png in Resources */,
				AB1C2DE3000000000000002A /* pose1_ivory_light@2x.png in Resources */,
				AB1C2DE3000000000000002B /* pose1_ivory_light@3x.png in Resources */,
				AB1C2DE3000000000000002C /* pose1_titan_light@2x.png in Resources */,
				AB1C2DE3000000000000002D /* pose1_titan_light@3x.png in Resources */,
				AB1C2DE3000000000000002E /* pose1_midnight_light@2x.png in Resources */,
				AB1C2DE3000000000000002F /* pose1_midnight_light@3x.png in Resources */,
				AB1C2DE30000000000000030 /* pose2_undercut_light@2x.png in Resources */,
				AB1C2DE30000000000000031 /* pose2_undercut_light@3x.png in Resources */,
				AB1C2DE30000000000000032 /* pose2_rosso_light@2x.png in Resources */,
				AB1C2DE30000000000000033 /* pose2_rosso_light@3x.png in Resources */,
				AB1C2DE30000000000000034 /* pose2_papaya_light@2x.png in Resources */,
				AB1C2DE30000000000000035 /* pose2_papaya_light@3x.png in Resources */,
				AB1C2DE30000000000000036 /* pose2_silver_light@2x.png in Resources */,
				AB1C2DE30000000000000037 /* pose2_silver_light@3x.png in Resources */,
				AB1C2DE30000000000000038 /* pose2_bolt_light@2x.png in Resources */,
				AB1C2DE30000000000000039 /* pose2_bolt_light@3x.png in Resources */,
				AB1C2DE3000000000000003A /* pose2_verde_light@2x.png in Resources */,
				AB1C2DE3000000000000003B /* pose2_verde_light@3x.png in Resources */,
				AB1C2DE3000000000000003C /* pose2_azur_light@2x.png in Resources */,
				AB1C2DE3000000000000003D /* pose2_azur_light@3x.png in Resources */,
				AB1C2DE3000000000000003E /* pose2_atlantic_light@2x.png in Resources */,
				AB1C2DE3000000000000003F /* pose2_atlantic_light@3x.png in Resources */,
				AB1C2DE30000000000000040 /* pose2_frost_light@2x.png in Resources */,
				AB1C2DE30000000000000041 /* pose2_frost_light@3x.png in Resources */,
				AB1C2DE30000000000000042 /* pose2_ivory_light@2x.png in Resources */,
				AB1C2DE30000000000000043 /* pose2_ivory_light@3x.png in Resources */,
				AB1C2DE30000000000000044 /* pose2_titan_light@2x.png in Resources */,
				AB1C2DE30000000000000045 /* pose2_titan_light@3x.png in Resources */,
				AB1C2DE30000000000000046 /* pose2_midnight_light@2x.png in Resources */,
				AB1C2DE30000000000000047 /* pose2_midnight_light@3x.png in Resources */,
				AB1C2DE30000000000000048 /* pose3_undercut_light@2x.png in Resources */,
				AB1C2DE30000000000000049 /* pose3_undercut_light@3x.png in Resources */,
				AB1C2DE3000000000000004A /* pose3_rosso_light@2x.png in Resources */,
				AB1C2DE3000000000000004B /* pose3_rosso_light@3x.png in Resources */,
				AB1C2DE3000000000000004C /* pose3_papaya_light@2x.png in Resources */,
				AB1C2DE3000000000000004D /* pose3_papaya_light@3x.png in Resources */,
				AB1C2DE3000000000000004E /* pose3_silver_light@2x.png in Resources */,
				AB1C2DE3000000000000004F /* pose3_silver_light@3x.png in Resources */,
				AB1C2DE30000000000000050 /* pose3_bolt_light@2x.png in Resources */,
				AB1C2DE30000000000000051 /* pose3_bolt_light@3x.png in Resources */,
				AB1C2DE30000000000000052 /* pose3_verde_light@2x.png in Resources */,
				AB1C2DE30000000000000053 /* pose3_verde_light@3x.png in Resources */,
				AB1C2DE30000000000000054 /* pose3_azur_light@2x.png in Resources */,
				AB1C2DE30000000000000055 /* pose3_azur_light@3x.png in Resources */,
				AB1C2DE30000000000000056 /* pose3_atlantic_light@2x.png in Resources */,
				AB1C2DE30000000000000057 /* pose3_atlantic_light@3x.png in Resources */,
				AB1C2DE30000000000000058 /* pose3_frost_light@2x.png in Resources */,
				AB1C2DE30000000000000059 /* pose3_frost_light@3x.png in Resources */,
				AB1C2DE3000000000000005A /* pose3_ivory_light@2x.png in Resources */,
				AB1C2DE3000000000000005B /* pose3_ivory_light@3x.png in Resources */,
				AB1C2DE3000000000000005C /* pose3_titan_light@2x.png in Resources */,
				AB1C2DE3000000000000005D /* pose3_titan_light@3x.png in Resources */,
				AB1C2DE3000000000000005E /* pose3_midnight_light@2x.png in Resources */,
				AB1C2DE3000000000000005F /* pose3_midnight_light@3x.png in Resources */,
			);
			runOnlyForDeploymentPostprocessing = 0;
		};
/* End PBXResourcesBuildPhase section */

/* Begin PBXShellScriptBuildPhase section */
		3B06AD1E1E4923F5004D2608 /* Thin Binary */ = {
			isa = PBXShellScriptBuildPhase;
			alwaysOutOfDate = 1;
			buildActionMask = 2147483647;
			files = (
			);
			inputPaths = (
				"${TARGET_BUILD_DIR}/${INFOPLIST_PATH}",
			);
			name = "Thin Binary";
			outputPaths = (
			);
			runOnlyForDeploymentPostprocessing = 0;
			shellPath = /bin/sh;
			shellScript = "/bin/sh \"$FLUTTER_ROOT/packages/flutter_tools/bin/xcode_backend.sh\" embed_and_thin";
		};
		460AF6F0895D4B0D847EC07C /* [CP] Copy Pods Resources */ = {
			isa = PBXShellScriptBuildPhase;
			buildActionMask = 2147483647;
			files = (
			);
			inputFileListPaths = (
				"${PODS_ROOT}/Target Support Files/Pods-Runner/Pods-Runner-resources-${CONFIGURATION}-input-files.xcfilelist",
			);
			name = "[CP] Copy Pods Resources";
			outputFileListPaths = (
				"${PODS_ROOT}/Target Support Files/Pods-Runner/Pods-Runner-resources-${CONFIGURATION}-output-files.xcfilelist",
			);
			runOnlyForDeploymentPostprocessing = 0;
			shellPath = /bin/sh;
			shellScript = "\"${PODS_ROOT}/Target Support Files/Pods-Runner/Pods-Runner-resources.sh\"\n";
			showEnvVarsInLog = 0;
		};
		7DA1E7B7DC4347F1762B85A7 /* [CP] Check Pods Manifest.lock */ = {
			isa = PBXShellScriptBuildPhase;
			buildActionMask = 2147483647;
			files = (
			);
			inputFileListPaths = (
			);
			inputPaths = (
				"${PODS_PODFILE_DIR_PATH}/Podfile.lock",
				"${PODS_ROOT}/Manifest.lock",
			);
			name = "[CP] Check Pods Manifest.lock";
			outputFileListPaths = (
			);
			outputPaths = (
				"$(DERIVED_FILE_DIR)/Pods-RunnerTests-checkManifestLockResult.txt",
			);
			runOnlyForDeploymentPostprocessing = 0;
			shellPath = /bin/sh;
			shellScript = "diff \"${PODS_PODFILE_DIR_PATH}/Podfile.lock\" \"${PODS_ROOT}/Manifest.lock\" > /dev/null\nif [ $? != 0 ] ; then\n    # print error to STDERR\n    echo \"error: The sandbox is not in sync with the Podfile.lock. Run 'pod install' or update your CocoaPods installation.\" >&2\n    exit 1\nfi\n# This output is used by Xcode 'outputs' to avoid re-running this script phase.\necho \"SUCCESS\" > \"${SCRIPT_OUTPUT_FILE_0}\"\n";
			showEnvVarsInLog = 0;
		};
		87F5A7B1790BE4FF450E1607 /* [CP] Check Pods Manifest.lock */ = {
			isa = PBXShellScriptBuildPhase;
			buildActionMask = 2147483647;
			files = (
			);
			inputFileListPaths = (
			);
			inputPaths = (
				"${PODS_PODFILE_DIR_PATH}/Podfile.lock",
				"${PODS_ROOT}/Manifest.lock",
			);
			name = "[CP] Check Pods Manifest.lock";
			outputFileListPaths = (
			);
			outputPaths = (
				"$(DERIVED_FILE_DIR)/Pods-Runner-checkManifestLockResult.txt",
			);
			runOnlyForDeploymentPostprocessing = 0;
			shellPath = /bin/sh;
			shellScript = "diff \"${PODS_PODFILE_DIR_PATH}/Podfile.lock\" \"${PODS_ROOT}/Manifest.lock\" > /dev/null\nif [ $? != 0 ] ; then\n    # print error to STDERR\n    echo \"error: The sandbox is not in sync with the Podfile.lock. Run 'pod install' or update your CocoaPods installation.\" >&2\n    exit 1\nfi\n# This output is used by Xcode 'outputs' to avoid re-running this script phase.\necho \"SUCCESS\" > \"${SCRIPT_OUTPUT_FILE_0}\"\n";
			showEnvVarsInLog = 0;
		};
		9740EEB61CF901F6004384FC /* Run Script */ = {
			isa = PBXShellScriptBuildPhase;
			alwaysOutOfDate = 1;
			buildActionMask = 2147483647;
			files = (
			);
			inputPaths = (
			);
			name = "Run Script";
			outputPaths = (
			);
			runOnlyForDeploymentPostprocessing = 0;
			shellPath = /bin/sh;
			shellScript = "/bin/sh \"$FLUTTER_ROOT/packages/flutter_tools/bin/xcode_backend.sh\" build";
		};
		EC2D9C2D4A0EC6316CA5FBC0 /* [CP] Embed Pods Frameworks */ = {
			isa = PBXShellScriptBuildPhase;
			buildActionMask = 2147483647;
			files = (
			);
			inputFileListPaths = (
				"${PODS_ROOT}/Target Support Files/Pods-Runner/Pods-Runner-frameworks-${CONFIGURATION}-input-files.xcfilelist",
			);
			name = "[CP] Embed Pods Frameworks";
			outputFileListPaths = (
				"${PODS_ROOT}/Target Support Files/Pods-Runner/Pods-Runner-frameworks-${CONFIGURATION}-output-files.xcfilelist",
			);
			runOnlyForDeploymentPostprocessing = 0;
			shellPath = /bin/sh;
			shellScript = "\"${PODS_ROOT}/Target Support Files/Pods-Runner/Pods-Runner-frameworks.sh\"\n";
			showEnvVarsInLog = 0;
		};
/* End PBXShellScriptBuildPhase section */

/* Begin PBXSourcesBuildPhase section */
		331C807D294A63A400263BE5 /* Sources */ = {
			isa = PBXSourcesBuildPhase;
			buildActionMask = 2147483647;
			files = (
				331C808B294A63AB00263BE5 /* RunnerTests.swift in Sources */,
			);
			runOnlyForDeploymentPostprocessing = 0;
		};
		97C146EA1CF9000F007C117D /* Sources */ = {
			isa = PBXSourcesBuildPhase;
			buildActionMask = 2147483647;
			files = (
				74858FAF1ED2DC5600515810 /* AppDelegate.swift in Sources */,
				1498D2341E8E89220040F4C2 /* GeneratedPluginRegistrant.m in Sources */,
			);
			runOnlyForDeploymentPostprocessing = 0;
		};
/* End PBXSourcesBuildPhase section */

/* Begin PBXTargetDependency section */
		331C8086294A63A400263BE5 /* PBXTargetDependency */ = {
			isa = PBXTargetDependency;
			target = 97C146ED1CF9000F007C117D /* Runner */;
			targetProxy = 331C8085294A63A400263BE5 /* PBXContainerItemProxy */;
		};
/* End PBXTargetDependency section */

/* Begin PBXVariantGroup section */
		97C146FA1CF9000F007C117D /* Main.storyboard */ = {
			isa = PBXVariantGroup;
			children = (
				97C146FB1CF9000F007C117D /* Base */,
			);
			name = Main.storyboard;
			sourceTree = "<group>";
		};
		97C146FF1CF9000F007C117D /* LaunchScreen.storyboard */ = {
			isa = PBXVariantGroup;
			children = (
				97C147001CF9000F007C117D /* Base */,
			);
			name = LaunchScreen.storyboard;
			sourceTree = "<group>";
		};
/* End PBXVariantGroup section */

/* Begin XCBuildConfiguration section */
		249021D3217E4FDB00AE95B9 /* Profile */ = {
			isa = XCBuildConfiguration;
			buildSettings = {
				ALWAYS_SEARCH_USER_PATHS = NO;
				ASSETCATALOG_COMPILER_GENERATE_SWIFT_ASSET_SYMBOL_EXTENSIONS = YES;
				CLANG_ANALYZER_NONNULL = YES;
				CLANG_CXX_LANGUAGE_STANDARD = "gnu++0x";
				CLANG_CXX_LIBRARY = "libc++";
				CLANG_ENABLE_MODULES = YES;
				CLANG_ENABLE_OBJC_ARC = YES;
				CLANG_WARN_BLOCK_CAPTURE_AUTORELEASING = YES;
				CLANG_WARN_BOOL_CONVERSION = YES;
				CLANG_WARN_COMMA = YES;
				CLANG_WARN_CONSTANT_CONVERSION = YES;
				CLANG_WARN_DEPRECATED_OBJC_IMPLEMENTATIONS = YES;
				CLANG_WARN_DIRECT_OBJC_ISA_USAGE = YES_ERROR;
				CLANG_WARN_EMPTY_BODY = YES;
				CLANG_WARN_ENUM_CONVERSION = YES;
				CLANG_WARN_INFINITE_RECURSION = YES;
				CLANG_WARN_INT_CONVERSION = YES;
				CLANG_WARN_NON_LITERAL_NULL_CONVERSION = YES;
				CLANG_WARN_OBJC_IMPLICIT_RETAIN_SELF = YES;
				CLANG_WARN_OBJC_LITERAL_CONVERSION = YES;
				CLANG_WARN_OBJC_ROOT_CLASS = YES_ERROR;
				CLANG_WARN_RANGE_LOOP_ANALYSIS = YES;
				CLANG_WARN_STRICT_PROTOTYPES = YES;
				CLANG_WARN_SUSPICIOUS_MOVE = YES;
				CLANG_WARN_UNREACHABLE_CODE = YES;
				CLANG_WARN__DUPLICATE_METHOD_MATCH = YES;
				"CODE_SIGN_IDENTITY[sdk=iphoneos*]" = "iPhone Developer";
				COPY_PHASE_STRIP = NO;
				DEBUG_INFORMATION_FORMAT = "dwarf-with-dsym";
				ENABLE_NS_ASSERTIONS = NO;
				ENABLE_STRICT_OBJC_MSGSEND = YES;
				ENABLE_USER_SCRIPT_SANDBOXING = NO;
				GCC_C_LANGUAGE_STANDARD = gnu99;
				GCC_NO_COMMON_BLOCKS = YES;
				GCC_WARN_64_TO_32_BIT_CONVERSION = YES;
				GCC_WARN_ABOUT_RETURN_TYPE = YES_ERROR;
				GCC_WARN_UNDECLARED_SELECTOR = YES;
				GCC_WARN_UNINITIALIZED_AUTOS = YES_AGGRESSIVE;
				GCC_WARN_UNUSED_FUNCTION = YES;
				GCC_WARN_UNUSED_VARIABLE = YES;
				IPHONEOS_DEPLOYMENT_TARGET = 13.0;
				MTL_ENABLE_DEBUG_INFO = NO;
				SDKROOT = iphoneos;
				SUPPORTED_PLATFORMS = iphoneos;
				TARGETED_DEVICE_FAMILY = "1,2";
				VALIDATE_PRODUCT = YES;
			};
			name = Profile;
		};
		249021D4217E4FDB00AE95B9 /* Profile */ = {
			isa = XCBuildConfiguration;
			baseConfigurationReference = 7AFA3C8E1D35360C0083082E /* Release.xcconfig */;
			buildSettings = {
				ASSETCATALOG_COMPILER_APPICON_NAME = AppIcon;
				CLANG_ENABLE_MODULES = YES;
				CURRENT_PROJECT_VERSION = "$(FLUTTER_BUILD_NUMBER)";
				DEVELOPMENT_TEAM = YX24WQ9YFK;
				ENABLE_BITCODE = NO;
				INFOPLIST_FILE = Runner/Info.plist;
				LD_RUNPATH_SEARCH_PATHS = (
					"$(inherited)",
					"@executable_path/Frameworks",
				);
				PRODUCT_BUNDLE_IDENTIFIER = com.rockenstein.f1predictiongame;
				PRODUCT_NAME = "$(TARGET_NAME)";
				SWIFT_OBJC_BRIDGING_HEADER = "Runner/Runner-Bridging-Header.h";
				SWIFT_VERSION = 5.0;
				VERSIONING_SYSTEM = "apple-generic";
			};
			name = Profile;
		};
		331C8088294A63A400263BE5 /* Debug */ = {
			isa = XCBuildConfiguration;
			baseConfigurationReference = 97D82F2D291C63AC4A0C28F3 /* Pods-RunnerTests.debug.xcconfig */;
			buildSettings = {
				BUNDLE_LOADER = "$(TEST_HOST)";
				CODE_SIGN_STYLE = Automatic;
				CURRENT_PROJECT_VERSION = 1;
				GENERATE_INFOPLIST_FILE = YES;
				MARKETING_VERSION = 1.0;
				PRODUCT_BUNDLE_IDENTIFIER = com.rockenstein.f1predictiongame.RunnerTests;
				PRODUCT_NAME = "$(TARGET_NAME)";
				SWIFT_ACTIVE_COMPILATION_CONDITIONS = DEBUG;
				SWIFT_OPTIMIZATION_LEVEL = "-Onone";
				SWIFT_VERSION = 5.0;
				TEST_HOST = "$(BUILT_PRODUCTS_DIR)/Runner.app/$(BUNDLE_EXECUTABLE_FOLDER_PATH)/Runner";
			};
			name = Debug;
		};
		331C8089294A63A400263BE5 /* Release */ = {
			isa = XCBuildConfiguration;
			baseConfigurationReference = 45E5C0D6B5F0B04A1201066E /* Pods-RunnerTests.release.xcconfig */;
			buildSettings = {
				BUNDLE_LOADER = "$(TEST_HOST)";
				CODE_SIGN_STYLE = Automatic;
				CURRENT_PROJECT_VERSION = 1;
				GENERATE_INFOPLIST_FILE = YES;
				MARKETING_VERSION = 1.0;
				PRODUCT_BUNDLE_IDENTIFIER = com.rockenstein.f1predictiongame.RunnerTests;
				PRODUCT_NAME = "$(TARGET_NAME)";
				SWIFT_VERSION = 5.0;
				TEST_HOST = "$(BUILT_PRODUCTS_DIR)/Runner.app/$(BUNDLE_EXECUTABLE_FOLDER_PATH)/Runner";
			};
			name = Release;
		};
		331C808A294A63A400263BE5 /* Profile */ = {
			isa = XCBuildConfiguration;
			baseConfigurationReference = F4310095674E1B5A5F7A1706 /* Pods-RunnerTests.profile.xcconfig */;
			buildSettings = {
				BUNDLE_LOADER = "$(TEST_HOST)";
				CODE_SIGN_STYLE = Automatic;
				CURRENT_PROJECT_VERSION = 1;
				GENERATE_INFOPLIST_FILE = YES;
				MARKETING_VERSION = 1.0;
				PRODUCT_BUNDLE_IDENTIFIER = com.rockenstein.f1predictiongame.RunnerTests;
				PRODUCT_NAME = "$(TARGET_NAME)";
				SWIFT_VERSION = 5.0;
				TEST_HOST = "$(BUILT_PRODUCTS_DIR)/Runner.app/$(BUNDLE_EXECUTABLE_FOLDER_PATH)/Runner";
			};
			name = Profile;
		};
		97C147031CF9000F007C117D /* Debug */ = {
			isa = XCBuildConfiguration;
			buildSettings = {
				ALWAYS_SEARCH_USER_PATHS = NO;
				ASSETCATALOG_COMPILER_GENERATE_SWIFT_ASSET_SYMBOL_EXTENSIONS = YES;
				CLANG_ANALYZER_NONNULL = YES;
				CLANG_CXX_LANGUAGE_STANDARD = "gnu++0x";
				CLANG_CXX_LIBRARY = "libc++";
				CLANG_ENABLE_MODULES = YES;
				CLANG_ENABLE_OBJC_ARC = YES;
				CLANG_WARN_BLOCK_CAPTURE_AUTORELEASING = YES;
				CLANG_WARN_BOOL_CONVERSION = YES;
				CLANG_WARN_COMMA = YES;
				CLANG_WARN_CONSTANT_CONVERSION = YES;
				CLANG_WARN_DEPRECATED_OBJC_IMPLEMENTATIONS = YES;
				CLANG_WARN_DIRECT_OBJC_ISA_USAGE = YES_ERROR;
				CLANG_WARN_EMPTY_BODY = YES;
				CLANG_WARN_ENUM_CONVERSION = YES;
				CLANG_WARN_INFINITE_RECURSION = YES;
				CLANG_WARN_INT_CONVERSION = YES;
				CLANG_WARN_NON_LITERAL_NULL_CONVERSION = YES;
				CLANG_WARN_OBJC_IMPLICIT_RETAIN_SELF = YES;
				CLANG_WARN_OBJC_LITERAL_CONVERSION = YES;
				CLANG_WARN_OBJC_ROOT_CLASS = YES_ERROR;
				CLANG_WARN_RANGE_LOOP_ANALYSIS = YES;
				CLANG_WARN_STRICT_PROTOTYPES = YES;
				CLANG_WARN_SUSPICIOUS_MOVE = YES;
				CLANG_WARN_UNREACHABLE_CODE = YES;
				CLANG_WARN__DUPLICATE_METHOD_MATCH = YES;
				"CODE_SIGN_IDENTITY[sdk=iphoneos*]" = "iPhone Developer";
				COPY_PHASE_STRIP = NO;
				DEBUG_INFORMATION_FORMAT = dwarf;
				ENABLE_STRICT_OBJC_MSGSEND = YES;
				ENABLE_TESTABILITY = YES;
				ENABLE_USER_SCRIPT_SANDBOXING = NO;
				GCC_C_LANGUAGE_STANDARD = gnu99;
				GCC_DYNAMIC_NO_PIC = NO;
				GCC_NO_COMMON_BLOCKS = YES;
				GCC_OPTIMIZATION_LEVEL = 0;
				GCC_PREPROCESSOR_DEFINITIONS = (
					"DEBUG=1",
					"$(inherited)",
				);
				GCC_WARN_64_TO_32_BIT_CONVERSION = YES;
				GCC_WARN_ABOUT_RETURN_TYPE = YES_ERROR;
				GCC_WARN_UNDECLARED_SELECTOR = YES;
				GCC_WARN_UNINITIALIZED_AUTOS = YES_AGGRESSIVE;
				GCC_WARN_UNUSED_FUNCTION = YES;
				GCC_WARN_UNUSED_VARIABLE = YES;
				IPHONEOS_DEPLOYMENT_TARGET = 13.0;
				MTL_ENABLE_DEBUG_INFO = YES;
				ONLY_ACTIVE_ARCH = YES;
				SDKROOT = iphoneos;
				TARGETED_DEVICE_FAMILY = "1,2";
			};
			name = Debug;
		};
		97C147041CF9000F007C117D /* Release */ = {
			isa = XCBuildConfiguration;
			buildSettings = {
				ALWAYS_SEARCH_USER_PATHS = NO;
				ASSETCATALOG_COMPILER_GENERATE_SWIFT_ASSET_SYMBOL_EXTENSIONS = YES;
				CLANG_ANALYZER_NONNULL = YES;
				CLANG_CXX_LANGUAGE_STANDARD = "gnu++0x";
				CLANG_CXX_LIBRARY = "libc++";
				CLANG_ENABLE_MODULES = YES;
				CLANG_ENABLE_OBJC_ARC = YES;
				CLANG_WARN_BLOCK_CAPTURE_AUTORELEASING = YES;
				CLANG_WARN_BOOL_CONVERSION = YES;
				CLANG_WARN_COMMA = YES;
				CLANG_WARN_CONSTANT_CONVERSION = YES;
				CLANG_WARN_DEPRECATED_OBJC_IMPLEMENTATIONS = YES;
				CLANG_WARN_DIRECT_OBJC_ISA_USAGE = YES_ERROR;
				CLANG_WARN_EMPTY_BODY = YES;
				CLANG_WARN_ENUM_CONVERSION = YES;
				CLANG_WARN_INFINITE_RECURSION = YES;
				CLANG_WARN_INT_CONVERSION = YES;
				CLANG_WARN_NON_LITERAL_NULL_CONVERSION = YES;
				CLANG_WARN_OBJC_IMPLICIT_RETAIN_SELF = YES;
				CLANG_WARN_OBJC_LITERAL_CONVERSION = YES;
				CLANG_WARN_OBJC_ROOT_CLASS = YES_ERROR;
				CLANG_WARN_RANGE_LOOP_ANALYSIS = YES;
				CLANG_WARN_STRICT_PROTOTYPES = YES;
				CLANG_WARN_SUSPICIOUS_MOVE = YES;
				CLANG_WARN_UNREACHABLE_CODE = YES;
				CLANG_WARN__DUPLICATE_METHOD_MATCH = YES;
				"CODE_SIGN_IDENTITY[sdk=iphoneos*]" = "iPhone Developer";
				COPY_PHASE_STRIP = NO;
				DEBUG_INFORMATION_FORMAT = "dwarf-with-dsym";
				ENABLE_NS_ASSERTIONS = NO;
				ENABLE_STRICT_OBJC_MSGSEND = YES;
				ENABLE_USER_SCRIPT_SANDBOXING = NO;
				GCC_C_LANGUAGE_STANDARD = gnu99;
				GCC_NO_COMMON_BLOCKS = YES;
				GCC_WARN_64_TO_32_BIT_CONVERSION = YES;
				GCC_WARN_ABOUT_RETURN_TYPE = YES_ERROR;
				GCC_WARN_UNDECLARED_SELECTOR = YES;
				GCC_WARN_UNINITIALIZED_AUTOS = YES_AGGRESSIVE;
				GCC_WARN_UNUSED_FUNCTION = YES;
				GCC_WARN_UNUSED_VARIABLE = YES;
				IPHONEOS_DEPLOYMENT_TARGET = 13.0;
				MTL_ENABLE_DEBUG_INFO = NO;
				SDKROOT = iphoneos;
				SUPPORTED_PLATFORMS = iphoneos;
				SWIFT_COMPILATION_MODE = wholemodule;
				SWIFT_OPTIMIZATION_LEVEL = "-O";
				TARGETED_DEVICE_FAMILY = "1,2";
				VALIDATE_PRODUCT = YES;
			};
			name = Release;
		};
		97C147061CF9000F007C117D /* Debug */ = {
			isa = XCBuildConfiguration;
			baseConfigurationReference = 9740EEB21CF90195004384FC /* Debug.xcconfig */;
			buildSettings = {
				ASSETCATALOG_COMPILER_APPICON_NAME = AppIcon;
				CLANG_ENABLE_MODULES = YES;
				CURRENT_PROJECT_VERSION = "$(FLUTTER_BUILD_NUMBER)";
				DEVELOPMENT_TEAM = YX24WQ9YFK;
				ENABLE_BITCODE = NO;
				INFOPLIST_FILE = Runner/Info.plist;
				LD_RUNPATH_SEARCH_PATHS = (
					"$(inherited)",
					"@executable_path/Frameworks",
				);
				PRODUCT_BUNDLE_IDENTIFIER = com.rockenstein.f1predictiongame;
				PRODUCT_NAME = "$(TARGET_NAME)";
				SWIFT_OBJC_BRIDGING_HEADER = "Runner/Runner-Bridging-Header.h";
				SWIFT_OPTIMIZATION_LEVEL = "-Onone";
				SWIFT_VERSION = 5.0;
				VERSIONING_SYSTEM = "apple-generic";
			};
			name = Debug;
		};
		97C147071CF9000F007C117D /* Release */ = {
			isa = XCBuildConfiguration;
			baseConfigurationReference = 7AFA3C8E1D35360C0083082E /* Release.xcconfig */;
			buildSettings = {
				ASSETCATALOG_COMPILER_APPICON_NAME = AppIcon;
				CLANG_ENABLE_MODULES = YES;
				CURRENT_PROJECT_VERSION = "$(FLUTTER_BUILD_NUMBER)";
				DEVELOPMENT_TEAM = YX24WQ9YFK;
				ENABLE_BITCODE = NO;
				INFOPLIST_FILE = Runner/Info.plist;
				LD_RUNPATH_SEARCH_PATHS = (
					"$(inherited)",
					"@executable_path/Frameworks",
				);
				PRODUCT_BUNDLE_IDENTIFIER = com.rockenstein.f1predictiongame;
				PRODUCT_NAME = "$(TARGET_NAME)";
				SWIFT_OBJC_BRIDGING_HEADER = "Runner/Runner-Bridging-Header.h";
				SWIFT_VERSION = 5.0;
				VERSIONING_SYSTEM = "apple-generic";
			};
			name = Release;
		};
/* End XCBuildConfiguration section */

/* Begin XCConfigurationList section */
		331C8087294A63A400263BE5 /* Build configuration list for PBXNativeTarget "RunnerTests" */ = {
			isa = XCConfigurationList;
			buildConfigurations = (
				331C8088294A63A400263BE5 /* Debug */,
				331C8089294A63A400263BE5 /* Release */,
				331C808A294A63A400263BE5 /* Profile */,
			);
			defaultConfigurationIsVisible = 0;
			defaultConfigurationName = Release;
		};
		97C146E91CF9000F007C117D /* Build configuration list for PBXProject "Runner" */ = {
			isa = XCConfigurationList;
			buildConfigurations = (
				97C147031CF9000F007C117D /* Debug */,
				97C147041CF9000F007C117D /* Release */,
				249021D3217E4FDB00AE95B9 /* Profile */,
			);
			defaultConfigurationIsVisible = 0;
			defaultConfigurationName = Release;
		};
		97C147051CF9000F007C117D /* Build configuration list for PBXNativeTarget "Runner" */ = {
			isa = XCConfigurationList;
			buildConfigurations = (
				97C147061CF9000F007C117D /* Debug */,
				97C147071CF9000F007C117D /* Release */,
				249021D4217E4FDB00AE95B9 /* Profile */,
			);
			defaultConfigurationIsVisible = 0;
			defaultConfigurationName = Release;
		};
/* End XCConfigurationList section */
	};
	rootObject = 97C146E61CF9000F007C117D /* Project object */;
}
